{
  "version": 4,
  "terraform_version": "0.14.2",
  "serial": 35,
  "lineage": "56995f58-0343-a471-4e07-76626c77dd1e",
  "outputs": {
    "cluster_endpoint": {
      "value": "https://6AC22398EB67362ED37A8388D29C5E0B.gr7.us-east-2.eks.amazonaws.com",
      "type": "string"
    },
    "cluster_id": {
      "value": "training-vpc-1",
      "type": "string"
    },
    "cluster_name": {
      "value": "training-vpc-1",
      "type": "string"
    },
    "cluster_security_group_id": {
      "value": "sg-0d129e35201626317",
      "type": "string"
    },
    "config_map_aws_auth": {
      "value": [
        {
          "binary_data": null,
          "data": {
            "mapAccounts": "[]\n",
            "mapRoles": "- \"groups\":\n  - \"system:bootstrappers\"\n  - \"system:nodes\"\n  \"rolearn\": \"arn:aws:iam::968036092797:role/training-vpc-120201214203323512200000009\"\n  \"username\": \"system:node:{{EC2PrivateDNSName}}\"\n",
            "mapUsers": "[]\n"
          },
          "id": "kube-system/aws-auth",
          "metadata": [
            {
              "annotations": null,
              "generate_name": "",
              "generation": 0,
              "labels": {
                "app.kubernetes.io/managed-by": "Terraform",
                "terraform.io/module": "terraform-aws-modules.eks.aws"
              },
              "name": "aws-auth",
              "namespace": "kube-system",
              "resource_version": "751",
              "self_link": "/api/v1/namespaces/kube-system/configmaps/aws-auth",
              "uid": "77a2f49b-9b85-4f09-a572-c9f249dc110d"
            }
          ]
        }
      ],
      "type": [
        "tuple",
        [
          [
            "object",
            {
              "binary_data": [
                "map",
                "string"
              ],
              "data": [
                "map",
                "string"
              ],
              "id": "string",
              "metadata": [
                "list",
                [
                  "object",
                  {
                    "annotations": [
                      "map",
                      "string"
                    ],
                    "generate_name": "string",
                    "generation": "number",
                    "labels": [
                      "map",
                      "string"
                    ],
                    "name": "string",
                    "namespace": "string",
                    "resource_version": "string",
                    "self_link": "string",
                    "uid": "string"
                  }
                ]
              ]
            }
          ]
        ]
      ]
    },
    "kubectl_config": {
      "value": "apiVersion: v1\npreferences: {}\nkind: Config\n\nclusters:\n- cluster:\n    server: https://6AC22398EB67362ED37A8388D29C5E0B.gr7.us-east-2.eks.amazonaws.com\n    certificate-authority-data: LS0tLS1CRUdJTiBDRVJUSUZJQ0FURS0tLS0tCk1JSUN5RENDQWJDZ0F3SUJBZ0lCQURBTkJna3Foa2lHOXcwQkFRc0ZBREFWTVJNd0VRWURWUVFERXdwcmRXSmwKY201bGRHVnpNQjRYRFRJd01USXhOREl3TWpreE9Gb1hEVE13TVRJeE1qSXdNamt4T0Zvd0ZURVRNQkVHQTFVRQpBeE1LYTNWaVpYSnVaWFJsY3pDQ0FTSXdEUVlKS29aSWh2Y05BUUVCQlFBRGdnRVBBRENDQVFvQ2dnRUJBUEFwCkJTeENic2QzWExQOTdOU0ZVV09BYnZiYUxuWjFJR3UxMWxQVmFHdUhlLzhRMXNLRnl4ajVyYkZQcUFKbjZ0RHgKNk9iNmlhdGV1QVlnblliL2prZEowdTB4UmJtRWUvTUd1YXdYcXNNaFpacU02VjBMeW9RSWJIaDA4OGlqSGxHbQp3ODBtNVNBb0ttUS92cEF2bGdBZDIwV25pSWlPT3Q2c2V0WXQzTUFTS3JEUWw0eTFNOVh4L2tLb0c0RVNPVjNuCmd4eVd0RUsvb2oyajJ2QWgwZy9vQTVtZzByaFJpRy9aZ3lqeWJjSGdUb2NDaXFzSjNqK2VWMnUwSWNYZzVMTFEKTFlUZnp3WlBzRFgzOVR4R2t2aHIwY3BXOXNIUVVmOXhXa25UQng1N3dQdFZ3WVFSZ3oxQkhQRE5TRGwyTEJ3TQp4Y3IzMDdPVkJENVRGTWpHSVJzQ0F3RUFBYU1qTUNFd0RnWURWUjBQQVFIL0JBUURBZ0trTUE4R0ExVWRFd0VCCi93UUZNQU1CQWY4d0RRWUpLb1pJaHZjTkFRRUxCUUFEZ2dFQkFKcEpTOGFEOWdFM2J5OFU1T2JlWjVUV3V1dzYKamdqcUc3NEt4ck52b0VRcjU5cExFMlVzTTNMTVplNFpUK3V4RlBhckVMZGFkNlBZU0hVMGVTOTZPcElxK0hZZApSZk9JTGZ6RVdKZGlpMHhvekJVRDJzVUt4VGM1T04wZzJYV1ZPVFJzajN1SXVadGNrQ2VwWmFiY05ER0FGeTdECkc4QXZIQUVkdmtKc1BVRGRPTDMxUHEwMVR3Zk5ma2lNWGYzdC9PS1F1YlBraTNsY21MWmoxSUlJOUZWbDJWRXAKSjNDc1ZTZ0twVWk1T0RHWE9vRjJUdTR0UVBSU2tOQ1cwMWpwMFd5MmhVUW1RUitrRWxkQUlIdTV6UUtyM0RrWgpRMlQyRUNJcmFGczN2WWVkZmJuNWZWcTBGWUJRaDFaLzBxa1VhbEtYMkZIZm40akhlSXoyTHJBYU1Bdz0KLS0tLS1FTkQgQ0VSVElGSUNBVEUtLS0tLQo=\n  name: eks_training-vpc-1\n\ncontexts:\n- context:\n    cluster: eks_training-vpc-1\n    user: eks_training-vpc-1\n  name: eks_training-vpc-1\n\ncurrent-context: eks_training-vpc-1\n\nusers:\n- name: eks_training-vpc-1\n  user:\n    exec:\n      apiVersion: client.authentication.k8s.io/v1alpha1\n      command: aws-iam-authenticator\n      args:\n        - \"token\"\n        - \"-i\"\n        - \"training-vpc-1\"\n",
      "type": "string"
    },
    "region": {
      "value": "us-east-2",
      "type": "string"
    }
  },
  "resources": [
    {
      "mode": "data",
      "type": "aws_eks_cluster",
      "name": "cluster",
      "provider": "provider[\"registry.terraform.io/hashicorp/aws\"]",
      "instances": [
        {
          "schema_version": 0,
          "attributes": {
            "arn": "arn:aws:eks:us-east-2:968036092797:cluster/training-vpc-1",
            "certificate_authority": [
              {
                "data": "LS0tLS1CRUdJTiBDRVJUSUZJQ0FURS0tLS0tCk1JSUN5RENDQWJDZ0F3SUJBZ0lCQURBTkJna3Foa2lHOXcwQkFRc0ZBREFWTVJNd0VRWURWUVFERXdwcmRXSmwKY201bGRHVnpNQjRYRFRJd01USXhOREl3TWpreE9Gb1hEVE13TVRJeE1qSXdNamt4T0Zvd0ZURVRNQkVHQTFVRQpBeE1LYTNWaVpYSnVaWFJsY3pDQ0FTSXdEUVlKS29aSWh2Y05BUUVCQlFBRGdnRVBBRENDQVFvQ2dnRUJBUEFwCkJTeENic2QzWExQOTdOU0ZVV09BYnZiYUxuWjFJR3UxMWxQVmFHdUhlLzhRMXNLRnl4ajVyYkZQcUFKbjZ0RHgKNk9iNmlhdGV1QVlnblliL2prZEowdTB4UmJtRWUvTUd1YXdYcXNNaFpacU02VjBMeW9RSWJIaDA4OGlqSGxHbQp3ODBtNVNBb0ttUS92cEF2bGdBZDIwV25pSWlPT3Q2c2V0WXQzTUFTS3JEUWw0eTFNOVh4L2tLb0c0RVNPVjNuCmd4eVd0RUsvb2oyajJ2QWgwZy9vQTVtZzByaFJpRy9aZ3lqeWJjSGdUb2NDaXFzSjNqK2VWMnUwSWNYZzVMTFEKTFlUZnp3WlBzRFgzOVR4R2t2aHIwY3BXOXNIUVVmOXhXa25UQng1N3dQdFZ3WVFSZ3oxQkhQRE5TRGwyTEJ3TQp4Y3IzMDdPVkJENVRGTWpHSVJzQ0F3RUFBYU1qTUNFd0RnWURWUjBQQVFIL0JBUURBZ0trTUE4R0ExVWRFd0VCCi93UUZNQU1CQWY4d0RRWUpLb1pJaHZjTkFRRUxCUUFEZ2dFQkFKcEpTOGFEOWdFM2J5OFU1T2JlWjVUV3V1dzYKamdqcUc3NEt4ck52b0VRcjU5cExFMlVzTTNMTVplNFpUK3V4RlBhckVMZGFkNlBZU0hVMGVTOTZPcElxK0hZZApSZk9JTGZ6RVdKZGlpMHhvekJVRDJzVUt4VGM1T04wZzJYV1ZPVFJzajN1SXVadGNrQ2VwWmFiY05ER0FGeTdECkc4QXZIQUVkdmtKc1BVRGRPTDMxUHEwMVR3Zk5ma2lNWGYzdC9PS1F1YlBraTNsY21MWmoxSUlJOUZWbDJWRXAKSjNDc1ZTZ0twVWk1T0RHWE9vRjJUdTR0UVBSU2tOQ1cwMWpwMFd5MmhVUW1RUitrRWxkQUlIdTV6UUtyM0RrWgpRMlQyRUNJcmFGczN2WWVkZmJuNWZWcTBGWUJRaDFaLzBxa1VhbEtYMkZIZm40akhlSXoyTHJBYU1Bdz0KLS0tLS1FTkQgQ0VSVElGSUNBVEUtLS0tLQo="
              }
            ],
            "created_at": "2020-12-14 20:21:01.733 +0000 UTC",
            "enabled_cluster_log_types": [],
            "endpoint": "https://6AC22398EB67362ED37A8388D29C5E0B.gr7.us-east-2.eks.amazonaws.com",
            "id": "training-vpc-1",
            "identity": [
              {
                "oidc": [
                  {
                    "issuer": "https://oidc.eks.us-east-2.amazonaws.com/id/6AC22398EB67362ED37A8388D29C5E0B"
                  }
                ]
              }
            ],
            "kubernetes_network_config": [
              {
                "service_ipv4_cidr": "172.20.0.0/16"
              }
            ],
            "name": "training-vpc-1",
            "platform_version": "eks.5",
            "role_arn": "arn:aws:iam::968036092797:role/training-vpc-120201214202057463600000002",
            "status": "ACTIVE",
            "tags": {},
            "version": "1.17",
            "vpc_config": [
              {
                "cluster_security_group_id": "sg-022f7c977cafb765b",
                "endpoint_private_access": false,
                "endpoint_public_access": true,
                "public_access_cidrs": [
                  "0.0.0.0/0"
                ],
                "security_group_ids": [
                  "sg-0d129e35201626317"
                ],
                "subnet_ids": [
                  "subnet-02be000bc8bb8f115",
                  "subnet-098b4ff86fffbffc9",
                  "subnet-0c5ce95aad4ea8e0c"
                ],
                "vpc_id": "vpc-0eea6ded02cc18b8d"
              }
            ]
          },
          "sensitive_attributes": []
        }
      ]
    },
    {
      "mode": "data",
      "type": "aws_eks_cluster_auth",
      "name": "cluster",
      "provider": "provider[\"registry.terraform.io/hashicorp/aws\"]",
      "instances": [
        {
          "schema_version": 0,
          "attributes": {
            "id": "training-vpc-1",
            "name": "training-vpc-1",
            "token": "k8s-aws-v1.aHR0cHM6Ly9zdHMuYW1hem9uYXdzLmNvbS8_QWN0aW9uPUdldENhbGxlcklkZW50aXR5JlZlcnNpb249MjAxMS0wNi0xNSZYLUFtei1BbGdvcml0aG09QVdTNC1ITUFDLVNIQTI1NiZYLUFtei1DcmVkZW50aWFsPUFLSUE2Q1kzU1JONlpGSTVOTk9MJTJGMjAyMDEyMTQlMkZ1cy1lYXN0LTElMkZzdHMlMkZhd3M0X3JlcXVlc3QmWC1BbXotRGF0ZT0yMDIwMTIxNFQyMDMzMjNaJlgtQW16LUV4cGlyZXM9MCZYLUFtei1TaWduZWRIZWFkZXJzPWhvc3QlM0J4LWs4cy1hd3MtaWQmWC1BbXotU2lnbmF0dXJlPTM1MTUyYTJmODgwZDc3MjM0YjA5OWRjYWYzMmVhYjZkMjM5YjlmMWY1OGEwZjdhZDMxZDIxY2I5NGRmMzNiNjI"
          },
          "sensitive_attributes": []
        }
      ]
    },
    {
      "mode": "data",
      "type": "aws_security_group",
      "name": "worker_group_mgmt_one",
      "provider": "provider[\"registry.terraform.io/hashicorp/aws\"]",
      "instances": [
        {
          "schema_version": 0,
          "attributes": {
            "arn": "arn:aws:ec2:us-east-2:968036092797:security-group/sg-02f63106385ea3de9",
            "description": "Managed by Terraform",
            "filter": [
              {
                "name": "group-name",
                "values": [
                  "worker_group_mgmt_one*"
                ]
              }
            ],
            "id": "sg-02f63106385ea3de9",
            "name": "worker_group_mgmt_one20201214201813350800000003",
            "tags": {
              "Name": "worker_group_mgmt_one"
            },
            "vpc_id": "vpc-0eea6ded02cc18b8d"
          },
          "sensitive_attributes": []
        }
      ]
    },
    {
      "mode": "data",
      "type": "aws_security_group",
      "name": "worker_group_mgmt_two",
      "provider": "provider[\"registry.terraform.io/hashicorp/aws\"]",
      "instances": [
        {
          "schema_version": 0,
          "attributes": {
            "arn": "arn:aws:ec2:us-east-2:968036092797:security-group/sg-01ec6a932c5c50918",
            "description": "Managed by Terraform",
            "filter": [
              {
                "name": "group-name",
                "values": [
                  "worker_group_mgmt_two*"
                ]
              }
            ],
            "id": "sg-01ec6a932c5c50918",
            "name": "worker_group_mgmt_two20201214201813350600000002",
            "tags": {
              "Name": "worker_group_mgmt_two"
            },
            "vpc_id": "vpc-0eea6ded02cc18b8d"
          },
          "sensitive_attributes": []
        }
      ]
    },
    {
      "mode": "data",
      "type": "aws_subnet",
      "name": "subnets",
      "provider": "provider[\"registry.terraform.io/hashicorp/aws\"]",
      "instances": [
        {
          "index_key": 0,
          "schema_version": 0,
          "attributes": {
            "arn": "arn:aws:ec2:us-east-2:968036092797:subnet/subnet-098b4ff86fffbffc9",
            "assign_ipv6_address_on_creation": false,
            "availability_zone": "us-east-2a",
            "availability_zone_id": "use2-az1",
            "cidr_block": "10.0.4.0/24",
            "default_for_az": false,
            "filter": null,
            "id": "subnet-098b4ff86fffbffc9",
            "ipv6_cidr_block": null,
            "ipv6_cidr_block_association_id": null,
            "map_public_ip_on_launch": false,
            "outpost_arn": "",
            "owner_id": "968036092797",
            "state": "available",
            "tags": {
              "Name": "training-vpc-private-us-east-2a",
              "kubernetes.io/cluster/training-vpc-1": "shared",
              "kubernetes.io/role/internal-elb": "1"
            },
            "vpc_id": "vpc-0eea6ded02cc18b8d"
          },
          "sensitive_attributes": []
        },
        {
          "index_key": 1,
          "schema_version": 0,
          "attributes": {
            "arn": "arn:aws:ec2:us-east-2:968036092797:subnet/subnet-02be000bc8bb8f115",
            "assign_ipv6_address_on_creation": false,
            "availability_zone": "us-east-2b",
            "availability_zone_id": "use2-az2",
            "cidr_block": "10.0.5.0/24",
            "default_for_az": false,
            "filter": null,
            "id": "subnet-02be000bc8bb8f115",
            "ipv6_cidr_block": null,
            "ipv6_cidr_block_association_id": null,
            "map_public_ip_on_launch": false,
            "outpost_arn": "",
            "owner_id": "968036092797",
            "state": "available",
            "tags": {
              "Name": "training-vpc-private-us-east-2b",
              "kubernetes.io/cluster/training-vpc-1": "shared",
              "kubernetes.io/role/internal-elb": "1"
            },
            "vpc_id": "vpc-0eea6ded02cc18b8d"
          },
          "sensitive_attributes": []
        },
        {
          "index_key": 2,
          "schema_version": 0,
          "attributes": {
            "arn": "arn:aws:ec2:us-east-2:968036092797:subnet/subnet-0c5ce95aad4ea8e0c",
            "assign_ipv6_address_on_creation": false,
            "availability_zone": "us-east-2c",
            "availability_zone_id": "use2-az3",
            "cidr_block": "10.0.6.0/24",
            "default_for_az": false,
            "filter": null,
            "id": "subnet-0c5ce95aad4ea8e0c",
            "ipv6_cidr_block": null,
            "ipv6_cidr_block_association_id": null,
            "map_public_ip_on_launch": false,
            "outpost_arn": "",
            "owner_id": "968036092797",
            "state": "available",
            "tags": {
              "Name": "training-vpc-private-us-east-2c",
              "kubernetes.io/cluster/training-vpc-1": "shared",
              "kubernetes.io/role/internal-elb": "1"
            },
            "vpc_id": "vpc-0eea6ded02cc18b8d"
          },
          "sensitive_attributes": []
        }
      ]
    },
    {
      "mode": "data",
      "type": "aws_vpc",
      "name": "vpc",
      "provider": "provider[\"registry.terraform.io/hashicorp/aws\"]",
      "instances": [
        {
          "schema_version": 0,
          "attributes": {
            "arn": "arn:aws:ec2:us-east-2:968036092797:vpc/vpc-0eea6ded02cc18b8d",
            "cidr_block": "10.0.0.0/16",
            "cidr_block_associations": [
              {
                "association_id": "vpc-cidr-assoc-0bacd04c5ec1d429f",
                "cidr_block": "10.0.0.0/16",
                "state": "associated"
              }
            ],
            "default": false,
            "dhcp_options_id": "dopt-46b3252d",
            "enable_dns_hostnames": true,
            "enable_dns_support": true,
            "filter": [
              {
                "name": "cidr",
                "values": [
                  "10.0.0.0/16"
                ]
              }
            ],
            "id": "vpc-0eea6ded02cc18b8d",
            "instance_tenancy": "default",
            "ipv6_association_id": null,
            "ipv6_cidr_block": null,
            "main_route_table_id": "rtb-0931d87f70ade5f44",
            "owner_id": "968036092797",
            "state": "available",
            "tags": {
              "Name": "training-vpc",
              "kubernetes.io/cluster/training-vpc-1": "shared"
            }
          },
          "sensitive_attributes": []
        }
      ]
    },
    {
      "module": "module.eks",
      "mode": "data",
      "type": "aws_ami",
      "name": "eks_worker",
      "provider": "provider[\"registry.terraform.io/hashicorp/aws\"]",
      "instances": [
        {
          "schema_version": 0,
          "attributes": {
            "architecture": "x86_64",
            "arn": "arn:aws:ec2:us-east-2::image/ami-0b264aaeebb68c954",
            "block_device_mappings": [
              {
                "device_name": "/dev/xvda",
                "ebs": {
                  "delete_on_termination": "true",
                  "encrypted": "false",
                  "iops": "0",
                  "snapshot_id": "snap-0f608dc118f00e7b5",
                  "volume_size": "20",
                  "volume_type": "gp2"
                },
                "no_device": "",
                "virtual_name": ""
              }
            ],
            "creation_date": "2020-12-11T03:21:56.000Z",
            "description": "EKS Kubernetes Worker AMI with AmazonLinux2 image, (k8s: 1.17.12, docker: 19.03.6ce-4.amzn2, containerd: 1.4.1-2.amzn2)",
            "executable_users": null,
            "filter": [
              {
                "name": "name",
                "values": [
                  "amazon-eks-node-1.17-v*"
                ]
              }
            ],
            "hypervisor": "xen",
            "id": "ami-0b264aaeebb68c954",
            "image_id": "ami-0b264aaeebb68c954",
            "image_location": "amazon/amazon-eks-node-1.17-v20201211",
            "image_owner_alias": "amazon",
            "image_type": "machine",
            "kernel_id": null,
            "most_recent": true,
            "name": "amazon-eks-node-1.17-v20201211",
            "name_regex": null,
            "owner_id": "602401143452",
            "owners": [
              "amazon"
            ],
            "platform": null,
            "product_codes": [],
            "public": true,
            "ramdisk_id": null,
            "root_device_name": "/dev/xvda",
            "root_device_type": "ebs",
            "root_snapshot_id": "snap-0f608dc118f00e7b5",
            "sriov_net_support": "simple",
            "state": "available",
            "state_reason": {
              "code": "UNSET",
              "message": "UNSET"
            },
            "tags": {},
            "virtualization_type": "hvm"
          },
          "sensitive_attributes": []
        }
      ]
    },
    {
      "module": "module.eks",
      "mode": "data",
      "type": "aws_ami",
      "name": "eks_worker_windows",
      "provider": "provider[\"registry.terraform.io/hashicorp/aws\"]",
      "instances": [
        {
          "schema_version": 0,
          "attributes": {
            "architecture": "x86_64",
            "arn": "arn:aws:ec2:us-east-2::image/ami-0870d294cd297ad10",
            "block_device_mappings": [
              {
                "device_name": "/dev/sda1",
                "ebs": {
                  "delete_on_termination": "true",
                  "encrypted": "false",
                  "iops": "0",
                  "snapshot_id": "snap-0aee2e3099e65f238",
                  "volume_size": "50",
                  "volume_type": "gp2"
                },
                "no_device": "",
                "virtual_name": ""
              },
              {
                "device_name": "xvdca",
                "ebs": {},
                "no_device": "",
                "virtual_name": "ephemeral0"
              },
              {
                "device_name": "xvdcb",
                "ebs": {},
                "no_device": "",
                "virtual_name": "ephemeral1"
              },
              {
                "device_name": "xvdcc",
                "ebs": {},
                "no_device": "",
                "virtual_name": "ephemeral2"
              },
              {
                "device_name": "xvdcd",
                "ebs": {},
                "no_device": "",
                "virtual_name": "ephemeral3"
              },
              {
                "device_name": "xvdce",
                "ebs": {},
                "no_device": "",
                "virtual_name": "ephemeral4"
              },
              {
                "device_name": "xvdcf",
                "ebs": {},
                "no_device": "",
                "virtual_name": "ephemeral5"
              },
              {
                "device_name": "xvdcg",
                "ebs": {},
                "no_device": "",
                "virtual_name": "ephemeral6"
              },
              {
                "device_name": "xvdch",
                "ebs": {},
                "no_device": "",
                "virtual_name": "ephemeral7"
              },
              {
                "device_name": "xvdci",
                "ebs": {},
                "no_device": "",
                "virtual_name": "ephemeral8"
              },
              {
                "device_name": "xvdcj",
                "ebs": {},
                "no_device": "",
                "virtual_name": "ephemeral9"
              },
              {
                "device_name": "xvdck",
                "ebs": {},
                "no_device": "",
                "virtual_name": "ephemeral10"
              },
              {
                "device_name": "xvdcl",
                "ebs": {},
                "no_device": "",
                "virtual_name": "ephemeral11"
              },
              {
                "device_name": "xvdcm",
                "ebs": {},
                "no_device": "",
                "virtual_name": "ephemeral12"
              },
              {
                "device_name": "xvdcn",
                "ebs": {},
                "no_device": "",
                "virtual_name": "ephemeral13"
              },
              {
                "device_name": "xvdco",
                "ebs": {},
                "no_device": "",
                "virtual_name": "ephemeral14"
              },
              {
                "device_name": "xvdcp",
                "ebs": {},
                "no_device": "",
                "virtual_name": "ephemeral15"
              },
              {
                "device_name": "xvdcq",
                "ebs": {},
                "no_device": "",
                "virtual_name": "ephemeral16"
              },
              {
                "device_name": "xvdcr",
                "ebs": {},
                "no_device": "",
                "virtual_name": "ephemeral17"
              },
              {
                "device_name": "xvdcs",
                "ebs": {},
                "no_device": "",
                "virtual_name": "ephemeral18"
              },
              {
                "device_name": "xvdct",
                "ebs": {},
                "no_device": "",
                "virtual_name": "ephemeral19"
              },
              {
                "device_name": "xvdcu",
                "ebs": {},
                "no_device": "",
                "virtual_name": "ephemeral20"
              },
              {
                "device_name": "xvdcv",
                "ebs": {},
                "no_device": "",
                "virtual_name": "ephemeral21"
              },
              {
                "device_name": "xvdcw",
                "ebs": {},
                "no_device": "",
                "virtual_name": "ephemeral22"
              },
              {
                "device_name": "xvdcx",
                "ebs": {},
                "no_device": "",
                "virtual_name": "ephemeral23"
              },
              {
                "device_name": "xvdcy",
                "ebs": {},
                "no_device": "",
                "virtual_name": "ephemeral24"
              },
              {
                "device_name": "xvdcz",
                "ebs": {},
                "no_device": "",
                "virtual_name": "ephemeral25"
              }
            ],
            "creation_date": "2020-12-11T23:04:28.000Z",
            "description": "Microsoft Windows Server 2019 Core optimized for EKS and provided by Amazon",
            "executable_users": null,
            "filter": [
              {
                "name": "name",
                "values": [
                  "Windows_Server-2019-English-Core-EKS_Optimized-1.17-*"
                ]
              },
              {
                "name": "platform",
                "values": [
                  "windows"
                ]
              }
            ],
            "hypervisor": "xen",
            "id": "ami-0870d294cd297ad10",
            "image_id": "ami-0870d294cd297ad10",
            "image_location": "amazon/Windows_Server-2019-English-Core-EKS_Optimized-1.17-2020.12.11",
            "image_owner_alias": "amazon",
            "image_type": "machine",
            "kernel_id": null,
            "most_recent": true,
            "name": "Windows_Server-2019-English-Core-EKS_Optimized-1.17-2020.12.11",
            "name_regex": null,
            "owner_id": "801119661308",
            "owners": [
              "amazon"
            ],
            "platform": "windows",
            "product_codes": [],
            "public": true,
            "ramdisk_id": null,
            "root_device_name": "/dev/sda1",
            "root_device_type": "ebs",
            "root_snapshot_id": "snap-0aee2e3099e65f238",
            "sriov_net_support": "simple",
            "state": "available",
            "state_reason": {
              "code": "UNSET",
              "message": "UNSET"
            },
            "tags": {},
            "virtualization_type": "hvm"
          },
          "sensitive_attributes": []
        }
      ]
    },
    {
      "module": "module.eks",
      "mode": "data",
      "type": "aws_caller_identity",
      "name": "current",
      "provider": "provider[\"registry.terraform.io/hashicorp/aws\"]",
      "instances": [
        {
          "schema_version": 0,
          "attributes": {
            "account_id": "968036092797",
            "arn": "arn:aws:iam::968036092797:user/bob",
            "id": "968036092797",
            "user_id": "AIDA6CY3SRN6X4KEPOATF"
          },
          "sensitive_attributes": []
        }
      ]
    },
    {
      "module": "module.eks",
      "mode": "data",
      "type": "aws_iam_policy_document",
      "name": "cluster_assume_role_policy",
      "provider": "provider[\"registry.terraform.io/hashicorp/aws\"]",
      "instances": [
        {
          "schema_version": 0,
          "attributes": {
            "id": "2764486067",
            "json": "{\n  \"Version\": \"2012-10-17\",\n  \"Statement\": [\n    {\n      \"Sid\": \"EKSClusterAssumeRole\",\n      \"Effect\": \"Allow\",\n      \"Action\": \"sts:AssumeRole\",\n      \"Principal\": {\n        \"Service\": \"eks.amazonaws.com\"\n      }\n    }\n  ]\n}",
            "override_json": null,
            "policy_id": null,
            "source_json": null,
            "statement": [
              {
                "actions": [
                  "sts:AssumeRole"
                ],
                "condition": [],
                "effect": "Allow",
                "not_actions": [],
                "not_principals": [],
                "not_resources": [],
                "principals": [
                  {
                    "identifiers": [
                      "eks.amazonaws.com"
                    ],
                    "type": "Service"
                  }
                ],
                "resources": [],
                "sid": "EKSClusterAssumeRole"
              }
            ],
            "version": "2012-10-17"
          },
          "sensitive_attributes": []
        }
      ]
    },
    {
      "module": "module.eks",
      "mode": "data",
      "type": "aws_iam_policy_document",
      "name": "cluster_elb_sl_role_creation",
      "provider": "provider[\"registry.terraform.io/hashicorp/aws\"]",
      "instances": [
        {
          "index_key": 0,
          "schema_version": 0,
          "attributes": {
            "id": "3407219844",
            "json": "{\n  \"Version\": \"2012-10-17\",\n  \"Statement\": [\n    {\n      \"Sid\": \"\",\n      \"Effect\": \"Allow\",\n      \"Action\": [\n        \"ec2:DescribeInternetGateways\",\n        \"ec2:DescribeAccountAttributes\"\n      ],\n      \"Resource\": \"*\"\n    }\n  ]\n}",
            "override_json": null,
            "policy_id": null,
            "source_json": null,
            "statement": [
              {
                "actions": [
                  "ec2:DescribeAccountAttributes",
                  "ec2:DescribeInternetGateways"
                ],
                "condition": [],
                "effect": "Allow",
                "not_actions": [],
                "not_principals": [],
                "not_resources": [],
                "principals": [],
                "resources": [
                  "*"
                ],
                "sid": ""
              }
            ],
            "version": "2012-10-17"
          },
          "sensitive_attributes": []
        }
      ]
    },
    {
      "module": "module.eks",
      "mode": "data",
      "type": "aws_iam_policy_document",
      "name": "workers_assume_role_policy",
      "provider": "provider[\"registry.terraform.io/hashicorp/aws\"]",
      "instances": [
        {
          "schema_version": 0,
          "attributes": {
            "id": "3778018924",
            "json": "{\n  \"Version\": \"2012-10-17\",\n  \"Statement\": [\n    {\n      \"Sid\": \"EKSWorkerAssumeRole\",\n      \"Effect\": \"Allow\",\n      \"Action\": \"sts:AssumeRole\",\n      \"Principal\": {\n        \"Service\": \"ec2.amazonaws.com\"\n      }\n    }\n  ]\n}",
            "override_json": null,
            "policy_id": null,
            "source_json": null,
            "statement": [
              {
                "actions": [
                  "sts:AssumeRole"
                ],
                "condition": [],
                "effect": "Allow",
                "not_actions": [],
                "not_principals": [],
                "not_resources": [],
                "principals": [
                  {
                    "identifiers": [
                      "ec2.amazonaws.com"
                    ],
                    "type": "Service"
                  }
                ],
                "resources": [],
                "sid": "EKSWorkerAssumeRole"
              }
            ],
            "version": "2012-10-17"
          },
          "sensitive_attributes": []
        }
      ]
    },
    {
      "module": "module.eks",
      "mode": "data",
      "type": "aws_partition",
      "name": "current",
      "provider": "provider[\"registry.terraform.io/hashicorp/aws\"]",
      "instances": [
        {
          "schema_version": 0,
          "attributes": {
            "dns_suffix": "amazonaws.com",
            "id": "aws",
            "partition": "aws"
          },
          "sensitive_attributes": []
        }
      ]
    },
    {
      "module": "module.eks",
      "mode": "data",
      "type": "template_file",
      "name": "userdata",
      "provider": "provider[\"registry.terraform.io/hashicorp/template\"]",
      "instances": [
        {
          "index_key": 0,
          "schema_version": 0,
          "attributes": {
            "filename": null,
            "id": "0fdda840b554e197611f16032c569a4e56342d88709d8a96b4ad0fcd1ce1234f",
            "rendered": "#!/bin/bash -xe\n\n# Allow user supplied pre userdata code\n\n\n# Bootstrap and join the cluster\n/etc/eks/bootstrap.sh --b64-cluster-ca 'LS0tLS1CRUdJTiBDRVJUSUZJQ0FURS0tLS0tCk1JSUN5RENDQWJDZ0F3SUJBZ0lCQURBTkJna3Foa2lHOXcwQkFRc0ZBREFWTVJNd0VRWURWUVFERXdwcmRXSmwKY201bGRHVnpNQjRYRFRJd01USXhOREl3TWpreE9Gb1hEVE13TVRJeE1qSXdNamt4T0Zvd0ZURVRNQkVHQTFVRQpBeE1LYTNWaVpYSnVaWFJsY3pDQ0FTSXdEUVlKS29aSWh2Y05BUUVCQlFBRGdnRVBBRENDQVFvQ2dnRUJBUEFwCkJTeENic2QzWExQOTdOU0ZVV09BYnZiYUxuWjFJR3UxMWxQVmFHdUhlLzhRMXNLRnl4ajVyYkZQcUFKbjZ0RHgKNk9iNmlhdGV1QVlnblliL2prZEowdTB4UmJtRWUvTUd1YXdYcXNNaFpacU02VjBMeW9RSWJIaDA4OGlqSGxHbQp3ODBtNVNBb0ttUS92cEF2bGdBZDIwV25pSWlPT3Q2c2V0WXQzTUFTS3JEUWw0eTFNOVh4L2tLb0c0RVNPVjNuCmd4eVd0RUsvb2oyajJ2QWgwZy9vQTVtZzByaFJpRy9aZ3lqeWJjSGdUb2NDaXFzSjNqK2VWMnUwSWNYZzVMTFEKTFlUZnp3WlBzRFgzOVR4R2t2aHIwY3BXOXNIUVVmOXhXa25UQng1N3dQdFZ3WVFSZ3oxQkhQRE5TRGwyTEJ3TQp4Y3IzMDdPVkJENVRGTWpHSVJzQ0F3RUFBYU1qTUNFd0RnWURWUjBQQVFIL0JBUURBZ0trTUE4R0ExVWRFd0VCCi93UUZNQU1CQWY4d0RRWUpLb1pJaHZjTkFRRUxCUUFEZ2dFQkFKcEpTOGFEOWdFM2J5OFU1T2JlWjVUV3V1dzYKamdqcUc3NEt4ck52b0VRcjU5cExFMlVzTTNMTVplNFpUK3V4RlBhckVMZGFkNlBZU0hVMGVTOTZPcElxK0hZZApSZk9JTGZ6RVdKZGlpMHhvekJVRDJzVUt4VGM1T04wZzJYV1ZPVFJzajN1SXVadGNrQ2VwWmFiY05ER0FGeTdECkc4QXZIQUVkdmtKc1BVRGRPTDMxUHEwMVR3Zk5ma2lNWGYzdC9PS1F1YlBraTNsY21MWmoxSUlJOUZWbDJWRXAKSjNDc1ZTZ0twVWk1T0RHWE9vRjJUdTR0UVBSU2tOQ1cwMWpwMFd5MmhVUW1RUitrRWxkQUlIdTV6UUtyM0RrWgpRMlQyRUNJcmFGczN2WWVkZmJuNWZWcTBGWUJRaDFaLzBxa1VhbEtYMkZIZm40akhlSXoyTHJBYU1Bdz0KLS0tLS1FTkQgQ0VSVElGSUNBVEUtLS0tLQo=' --apiserver-endpoint 'https://6AC22398EB67362ED37A8388D29C5E0B.gr7.us-east-2.eks.amazonaws.com'  --kubelet-extra-args \"\" 'training-vpc-1'\n\n# Allow user supplied userdata code\necho foo bar\n",
            "template": "#!/bin/bash -xe\n\n# Allow user supplied pre userdata code\n${pre_userdata}\n\n# Bootstrap and join the cluster\n/etc/eks/bootstrap.sh --b64-cluster-ca '${cluster_auth_base64}' --apiserver-endpoint '${endpoint}' ${bootstrap_extra_args} --kubelet-extra-args \"${kubelet_extra_args}\" '${cluster_name}'\n\n# Allow user supplied userdata code\n${additional_userdata}\n",
            "vars": {
              "additional_userdata": "echo foo bar",
              "bootstrap_extra_args": "",
              "cluster_auth_base64": "LS0tLS1CRUdJTiBDRVJUSUZJQ0FURS0tLS0tCk1JSUN5RENDQWJDZ0F3SUJBZ0lCQURBTkJna3Foa2lHOXcwQkFRc0ZBREFWTVJNd0VRWURWUVFERXdwcmRXSmwKY201bGRHVnpNQjRYRFRJd01USXhOREl3TWpreE9Gb1hEVE13TVRJeE1qSXdNamt4T0Zvd0ZURVRNQkVHQTFVRQpBeE1LYTNWaVpYSnVaWFJsY3pDQ0FTSXdEUVlKS29aSWh2Y05BUUVCQlFBRGdnRVBBRENDQVFvQ2dnRUJBUEFwCkJTeENic2QzWExQOTdOU0ZVV09BYnZiYUxuWjFJR3UxMWxQVmFHdUhlLzhRMXNLRnl4ajVyYkZQcUFKbjZ0RHgKNk9iNmlhdGV1QVlnblliL2prZEowdTB4UmJtRWUvTUd1YXdYcXNNaFpacU02VjBMeW9RSWJIaDA4OGlqSGxHbQp3ODBtNVNBb0ttUS92cEF2bGdBZDIwV25pSWlPT3Q2c2V0WXQzTUFTS3JEUWw0eTFNOVh4L2tLb0c0RVNPVjNuCmd4eVd0RUsvb2oyajJ2QWgwZy9vQTVtZzByaFJpRy9aZ3lqeWJjSGdUb2NDaXFzSjNqK2VWMnUwSWNYZzVMTFEKTFlUZnp3WlBzRFgzOVR4R2t2aHIwY3BXOXNIUVVmOXhXa25UQng1N3dQdFZ3WVFSZ3oxQkhQRE5TRGwyTEJ3TQp4Y3IzMDdPVkJENVRGTWpHSVJzQ0F3RUFBYU1qTUNFd0RnWURWUjBQQVFIL0JBUURBZ0trTUE4R0ExVWRFd0VCCi93UUZNQU1CQWY4d0RRWUpLb1pJaHZjTkFRRUxCUUFEZ2dFQkFKcEpTOGFEOWdFM2J5OFU1T2JlWjVUV3V1dzYKamdqcUc3NEt4ck52b0VRcjU5cExFMlVzTTNMTVplNFpUK3V4RlBhckVMZGFkNlBZU0hVMGVTOTZPcElxK0hZZApSZk9JTGZ6RVdKZGlpMHhvekJVRDJzVUt4VGM1T04wZzJYV1ZPVFJzajN1SXVadGNrQ2VwWmFiY05ER0FGeTdECkc4QXZIQUVkdmtKc1BVRGRPTDMxUHEwMVR3Zk5ma2lNWGYzdC9PS1F1YlBraTNsY21MWmoxSUlJOUZWbDJWRXAKSjNDc1ZTZ0twVWk1T0RHWE9vRjJUdTR0UVBSU2tOQ1cwMWpwMFd5MmhVUW1RUitrRWxkQUlIdTV6UUtyM0RrWgpRMlQyRUNJcmFGczN2WWVkZmJuNWZWcTBGWUJRaDFaLzBxa1VhbEtYMkZIZm40akhlSXoyTHJBYU1Bdz0KLS0tLS1FTkQgQ0VSVElGSUNBVEUtLS0tLQo=",
              "cluster_name": "training-vpc-1",
              "endpoint": "https://6AC22398EB67362ED37A8388D29C5E0B.gr7.us-east-2.eks.amazonaws.com",
              "kubelet_extra_args": "",
              "platform": "linux",
              "pre_userdata": ""
            }
          },
          "sensitive_attributes": []
        },
        {
          "index_key": 1,
          "schema_version": 0,
          "attributes": {
            "filename": null,
            "id": "0fdda840b554e197611f16032c569a4e56342d88709d8a96b4ad0fcd1ce1234f",
            "rendered": "#!/bin/bash -xe\n\n# Allow user supplied pre userdata code\n\n\n# Bootstrap and join the cluster\n/etc/eks/bootstrap.sh --b64-cluster-ca 'LS0tLS1CRUdJTiBDRVJUSUZJQ0FURS0tLS0tCk1JSUN5RENDQWJDZ0F3SUJBZ0lCQURBTkJna3Foa2lHOXcwQkFRc0ZBREFWTVJNd0VRWURWUVFERXdwcmRXSmwKY201bGRHVnpNQjRYRFRJd01USXhOREl3TWpreE9Gb1hEVE13TVRJeE1qSXdNamt4T0Zvd0ZURVRNQkVHQTFVRQpBeE1LYTNWaVpYSnVaWFJsY3pDQ0FTSXdEUVlKS29aSWh2Y05BUUVCQlFBRGdnRVBBRENDQVFvQ2dnRUJBUEFwCkJTeENic2QzWExQOTdOU0ZVV09BYnZiYUxuWjFJR3UxMWxQVmFHdUhlLzhRMXNLRnl4ajVyYkZQcUFKbjZ0RHgKNk9iNmlhdGV1QVlnblliL2prZEowdTB4UmJtRWUvTUd1YXdYcXNNaFpacU02VjBMeW9RSWJIaDA4OGlqSGxHbQp3ODBtNVNBb0ttUS92cEF2bGdBZDIwV25pSWlPT3Q2c2V0WXQzTUFTS3JEUWw0eTFNOVh4L2tLb0c0RVNPVjNuCmd4eVd0RUsvb2oyajJ2QWgwZy9vQTVtZzByaFJpRy9aZ3lqeWJjSGdUb2NDaXFzSjNqK2VWMnUwSWNYZzVMTFEKTFlUZnp3WlBzRFgzOVR4R2t2aHIwY3BXOXNIUVVmOXhXa25UQng1N3dQdFZ3WVFSZ3oxQkhQRE5TRGwyTEJ3TQp4Y3IzMDdPVkJENVRGTWpHSVJzQ0F3RUFBYU1qTUNFd0RnWURWUjBQQVFIL0JBUURBZ0trTUE4R0ExVWRFd0VCCi93UUZNQU1CQWY4d0RRWUpLb1pJaHZjTkFRRUxCUUFEZ2dFQkFKcEpTOGFEOWdFM2J5OFU1T2JlWjVUV3V1dzYKamdqcUc3NEt4ck52b0VRcjU5cExFMlVzTTNMTVplNFpUK3V4RlBhckVMZGFkNlBZU0hVMGVTOTZPcElxK0hZZApSZk9JTGZ6RVdKZGlpMHhvekJVRDJzVUt4VGM1T04wZzJYV1ZPVFJzajN1SXVadGNrQ2VwWmFiY05ER0FGeTdECkc4QXZIQUVkdmtKc1BVRGRPTDMxUHEwMVR3Zk5ma2lNWGYzdC9PS1F1YlBraTNsY21MWmoxSUlJOUZWbDJWRXAKSjNDc1ZTZ0twVWk1T0RHWE9vRjJUdTR0UVBSU2tOQ1cwMWpwMFd5MmhVUW1RUitrRWxkQUlIdTV6UUtyM0RrWgpRMlQyRUNJcmFGczN2WWVkZmJuNWZWcTBGWUJRaDFaLzBxa1VhbEtYMkZIZm40akhlSXoyTHJBYU1Bdz0KLS0tLS1FTkQgQ0VSVElGSUNBVEUtLS0tLQo=' --apiserver-endpoint 'https://6AC22398EB67362ED37A8388D29C5E0B.gr7.us-east-2.eks.amazonaws.com'  --kubelet-extra-args \"\" 'training-vpc-1'\n\n# Allow user supplied userdata code\necho foo bar\n",
            "template": "#!/bin/bash -xe\n\n# Allow user supplied pre userdata code\n${pre_userdata}\n\n# Bootstrap and join the cluster\n/etc/eks/bootstrap.sh --b64-cluster-ca '${cluster_auth_base64}' --apiserver-endpoint '${endpoint}' ${bootstrap_extra_args} --kubelet-extra-args \"${kubelet_extra_args}\" '${cluster_name}'\n\n# Allow user supplied userdata code\n${additional_userdata}\n",
            "vars": {
              "additional_userdata": "echo foo bar",
              "bootstrap_extra_args": "",
              "cluster_auth_base64": "LS0tLS1CRUdJTiBDRVJUSUZJQ0FURS0tLS0tCk1JSUN5RENDQWJDZ0F3SUJBZ0lCQURBTkJna3Foa2lHOXcwQkFRc0ZBREFWTVJNd0VRWURWUVFERXdwcmRXSmwKY201bGRHVnpNQjRYRFRJd01USXhOREl3TWpreE9Gb1hEVE13TVRJeE1qSXdNamt4T0Zvd0ZURVRNQkVHQTFVRQpBeE1LYTNWaVpYSnVaWFJsY3pDQ0FTSXdEUVlKS29aSWh2Y05BUUVCQlFBRGdnRVBBRENDQVFvQ2dnRUJBUEFwCkJTeENic2QzWExQOTdOU0ZVV09BYnZiYUxuWjFJR3UxMWxQVmFHdUhlLzhRMXNLRnl4ajVyYkZQcUFKbjZ0RHgKNk9iNmlhdGV1QVlnblliL2prZEowdTB4UmJtRWUvTUd1YXdYcXNNaFpacU02VjBMeW9RSWJIaDA4OGlqSGxHbQp3ODBtNVNBb0ttUS92cEF2bGdBZDIwV25pSWlPT3Q2c2V0WXQzTUFTS3JEUWw0eTFNOVh4L2tLb0c0RVNPVjNuCmd4eVd0RUsvb2oyajJ2QWgwZy9vQTVtZzByaFJpRy9aZ3lqeWJjSGdUb2NDaXFzSjNqK2VWMnUwSWNYZzVMTFEKTFlUZnp3WlBzRFgzOVR4R2t2aHIwY3BXOXNIUVVmOXhXa25UQng1N3dQdFZ3WVFSZ3oxQkhQRE5TRGwyTEJ3TQp4Y3IzMDdPVkJENVRGTWpHSVJzQ0F3RUFBYU1qTUNFd0RnWURWUjBQQVFIL0JBUURBZ0trTUE4R0ExVWRFd0VCCi93UUZNQU1CQWY4d0RRWUpLb1pJaHZjTkFRRUxCUUFEZ2dFQkFKcEpTOGFEOWdFM2J5OFU1T2JlWjVUV3V1dzYKamdqcUc3NEt4ck52b0VRcjU5cExFMlVzTTNMTVplNFpUK3V4RlBhckVMZGFkNlBZU0hVMGVTOTZPcElxK0hZZApSZk9JTGZ6RVdKZGlpMHhvekJVRDJzVUt4VGM1T04wZzJYV1ZPVFJzajN1SXVadGNrQ2VwWmFiY05ER0FGeTdECkc4QXZIQUVkdmtKc1BVRGRPTDMxUHEwMVR3Zk5ma2lNWGYzdC9PS1F1YlBraTNsY21MWmoxSUlJOUZWbDJWRXAKSjNDc1ZTZ0twVWk1T0RHWE9vRjJUdTR0UVBSU2tOQ1cwMWpwMFd5MmhVUW1RUitrRWxkQUlIdTV6UUtyM0RrWgpRMlQyRUNJcmFGczN2WWVkZmJuNWZWcTBGWUJRaDFaLzBxa1VhbEtYMkZIZm40akhlSXoyTHJBYU1Bdz0KLS0tLS1FTkQgQ0VSVElGSUNBVEUtLS0tLQo=",
              "cluster_name": "training-vpc-1",
              "endpoint": "https://6AC22398EB67362ED37A8388D29C5E0B.gr7.us-east-2.eks.amazonaws.com",
              "kubelet_extra_args": "",
              "platform": "linux",
              "pre_userdata": ""
            }
          },
          "sensitive_attributes": []
        }
      ]
    },
    {
      "module": "module.eks",
      "mode": "managed",
      "type": "aws_autoscaling_group",
      "name": "workers",
      "provider": "provider[\"registry.terraform.io/hashicorp/aws\"]",
      "instances": [
        {
          "index_key": 0,
          "schema_version": 0,
          "attributes": {
            "arn": "arn:aws:autoscaling:us-east-2:968036092797:autoScalingGroup:004d99d0-6903-4141-a552-ef2c05026568:autoScalingGroupName/training-vpc-1-worker_group_120201214203335800800000011",
            "availability_zones": [
              "us-east-2a",
              "us-east-2b",
              "us-east-2c"
            ],
            "capacity_rebalance": false,
            "default_cooldown": 300,
            "desired_capacity": 2,
            "enabled_metrics": null,
            "force_delete": false,
            "health_check_grace_period": 300,
            "health_check_type": "EC2",
            "id": "training-vpc-1-worker_group_120201214203335800800000011",
            "initial_lifecycle_hook": [],
            "launch_configuration": "training-vpc-1-worker_group_120201214203325539200000010",
            "launch_template": [],
            "load_balancers": null,
            "max_instance_lifetime": 0,
            "max_size": 3,
            "metrics_granularity": "1Minute",
            "min_elb_capacity": null,
            "min_size": 1,
            "mixed_instances_policy": [],
            "name": "training-vpc-1-worker_group_120201214203335800800000011",
            "name_prefix": "training-vpc-1-worker_group_1",
            "placement_group": "",
            "protect_from_scale_in": false,
            "service_linked_role_arn": "arn:aws:iam::968036092797:role/aws-service-role/autoscaling.amazonaws.com/AWSServiceRoleForAutoScaling",
            "suspended_processes": [
              "AZRebalance"
            ],
            "tag": [
              {
                "key": "Name",
                "propagate_at_launch": true,
                "value": "training-vpc-1-worker_group_1-eks_asg"
              },
              {
                "key": "k8s.io/cluster/training-vpc-1",
                "propagate_at_launch": true,
                "value": "owned"
              },
              {
                "key": "kubernetes.io/cluster/training-vpc-1",
                "propagate_at_launch": true,
                "value": "owned"
              }
            ],
            "tags": null,
            "target_group_arns": null,
            "termination_policies": [],
            "timeouts": null,
            "vpc_zone_identifier": [
              "subnet-02be000bc8bb8f115",
              "subnet-098b4ff86fffbffc9",
              "subnet-0c5ce95aad4ea8e0c"
            ],
            "wait_for_capacity_timeout": "10m",
            "wait_for_elb_capacity": null
          },
          "sensitive_attributes": [],
          "private": "eyJlMmJmYjczMC1lY2FhLTExZTYtOGY4OC0zNDM2M2JjN2M0YzAiOnsiZGVsZXRlIjo2MDAwMDAwMDAwMDB9fQ==",
          "dependencies": [
            "data.aws_security_group.worker_group_mgmt_one",
            "data.aws_security_group.worker_group_mgmt_two",
            "data.aws_subnet.subnets",
            "data.aws_vpc.vpc",
            "module.eks.aws_cloudwatch_log_group.this",
            "module.eks.aws_eks_cluster.this",
            "module.eks.aws_iam_instance_profile.workers",
            "module.eks.aws_iam_role.cluster",
            "module.eks.aws_iam_role.workers",
            "module.eks.aws_iam_role_policy_attachment.cluster_AmazonEKSClusterPolicy",
            "module.eks.aws_iam_role_policy_attachment.cluster_AmazonEKSServicePolicy",
            "module.eks.aws_iam_role_policy_attachment.cluster_AmazonEKSVPCResourceControllerPolicy",
            "module.eks.aws_iam_role_policy_attachment.workers_AmazonEC2ContainerRegistryReadOnly",
            "module.eks.aws_iam_role_policy_attachment.workers_AmazonEKSWorkerNodePolicy",
            "module.eks.aws_iam_role_policy_attachment.workers_AmazonEKS_CNI_Policy",
            "module.eks.aws_iam_role_policy_attachment.workers_additional_policies",
            "module.eks.aws_launch_configuration.workers",
            "module.eks.aws_security_group.cluster",
            "module.eks.aws_security_group.workers",
            "module.eks.aws_security_group_rule.cluster_egress_internet",
            "module.eks.aws_security_group_rule.cluster_https_worker_ingress",
            "module.eks.aws_security_group_rule.cluster_primary_ingress_workers",
            "module.eks.aws_security_group_rule.workers_egress_internet",
            "module.eks.aws_security_group_rule.workers_ingress_cluster",
            "module.eks.aws_security_group_rule.workers_ingress_cluster_https",
            "module.eks.aws_security_group_rule.workers_ingress_cluster_kubelet",
            "module.eks.aws_security_group_rule.workers_ingress_cluster_primary",
            "module.eks.aws_security_group_rule.workers_ingress_self",
            "module.eks.data.aws_ami.eks_worker",
            "module.eks.data.aws_ami.eks_worker_windows",
            "module.eks.data.aws_iam_instance_profile.custom_worker_group_iam_instance_profile",
            "module.eks.data.aws_iam_policy_document.cluster_assume_role_policy",
            "module.eks.data.aws_iam_policy_document.workers_assume_role_policy",
            "module.eks.data.aws_iam_role.custom_cluster_iam_role",
            "module.eks.data.aws_partition.current",
            "module.eks.data.template_file.userdata",
            "module.eks.random_pet.workers"
          ],
          "create_before_destroy": true
        },
        {
          "index_key": 1,
          "schema_version": 0,
          "attributes": {
            "arn": "arn:aws:autoscaling:us-east-2:968036092797:autoScalingGroup:22582196-fe8e-488b-b187-94ecd6e61d53:autoScalingGroupName/training-vpc-1-workder_group_220201214203335801100000012",
            "availability_zones": [
              "us-east-2a",
              "us-east-2b",
              "us-east-2c"
            ],
            "capacity_rebalance": false,
            "default_cooldown": 300,
            "desired_capacity": 1,
            "enabled_metrics": null,
            "force_delete": false,
            "health_check_grace_period": 300,
            "health_check_type": "EC2",
            "id": "training-vpc-1-workder_group_220201214203335801100000012",
            "initial_lifecycle_hook": [],
            "launch_configuration": "training-vpc-1-workder_group_22020121420332552660000000f",
            "launch_template": [],
            "load_balancers": null,
            "max_instance_lifetime": 0,
            "max_size": 3,
            "metrics_granularity": "1Minute",
            "min_elb_capacity": null,
            "min_size": 1,
            "mixed_instances_policy": [],
            "name": "training-vpc-1-workder_group_220201214203335801100000012",
            "name_prefix": "training-vpc-1-workder_group_2",
            "placement_group": "",
            "protect_from_scale_in": false,
            "service_linked_role_arn": "arn:aws:iam::968036092797:role/aws-service-role/autoscaling.amazonaws.com/AWSServiceRoleForAutoScaling",
            "suspended_processes": [
              "AZRebalance"
            ],
            "tag": [
              {
                "key": "Name",
                "propagate_at_launch": true,
                "value": "training-vpc-1-workder_group_2-eks_asg"
              },
              {
                "key": "k8s.io/cluster/training-vpc-1",
                "propagate_at_launch": true,
                "value": "owned"
              },
              {
                "key": "kubernetes.io/cluster/training-vpc-1",
                "propagate_at_launch": true,
                "value": "owned"
              }
            ],
            "tags": null,
            "target_group_arns": null,
            "termination_policies": [],
            "timeouts": null,
            "vpc_zone_identifier": [
              "subnet-02be000bc8bb8f115",
              "subnet-098b4ff86fffbffc9",
              "subnet-0c5ce95aad4ea8e0c"
            ],
            "wait_for_capacity_timeout": "10m",
            "wait_for_elb_capacity": null
          },
          "sensitive_attributes": [],
          "private": "eyJlMmJmYjczMC1lY2FhLTExZTYtOGY4OC0zNDM2M2JjN2M0YzAiOnsiZGVsZXRlIjo2MDAwMDAwMDAwMDB9fQ==",
          "dependencies": [
            "data.aws_security_group.worker_group_mgmt_one",
            "data.aws_security_group.worker_group_mgmt_two",
            "data.aws_subnet.subnets",
            "data.aws_vpc.vpc",
            "module.eks.aws_cloudwatch_log_group.this",
            "module.eks.aws_eks_cluster.this",
            "module.eks.aws_iam_instance_profile.workers",
            "module.eks.aws_iam_role.cluster",
            "module.eks.aws_iam_role.workers",
            "module.eks.aws_iam_role_policy_attachment.cluster_AmazonEKSClusterPolicy",
            "module.eks.aws_iam_role_policy_attachment.cluster_AmazonEKSServicePolicy",
            "module.eks.aws_iam_role_policy_attachment.cluster_AmazonEKSVPCResourceControllerPolicy",
            "module.eks.aws_iam_role_policy_attachment.workers_AmazonEC2ContainerRegistryReadOnly",
            "module.eks.aws_iam_role_policy_attachment.workers_AmazonEKSWorkerNodePolicy",
            "module.eks.aws_iam_role_policy_attachment.workers_AmazonEKS_CNI_Policy",
            "module.eks.aws_iam_role_policy_attachment.workers_additional_policies",
            "module.eks.aws_launch_configuration.workers",
            "module.eks.aws_security_group.cluster",
            "module.eks.aws_security_group.workers",
            "module.eks.aws_security_group_rule.cluster_egress_internet",
            "module.eks.aws_security_group_rule.cluster_https_worker_ingress",
            "module.eks.aws_security_group_rule.cluster_primary_ingress_workers",
            "module.eks.aws_security_group_rule.workers_egress_internet",
            "module.eks.aws_security_group_rule.workers_ingress_cluster",
            "module.eks.aws_security_group_rule.workers_ingress_cluster_https",
            "module.eks.aws_security_group_rule.workers_ingress_cluster_kubelet",
            "module.eks.aws_security_group_rule.workers_ingress_cluster_primary",
            "module.eks.aws_security_group_rule.workers_ingress_self",
            "module.eks.data.aws_ami.eks_worker",
            "module.eks.data.aws_ami.eks_worker_windows",
            "module.eks.data.aws_iam_instance_profile.custom_worker_group_iam_instance_profile",
            "module.eks.data.aws_iam_policy_document.cluster_assume_role_policy",
            "module.eks.data.aws_iam_policy_document.workers_assume_role_policy",
            "module.eks.data.aws_iam_role.custom_cluster_iam_role",
            "module.eks.data.aws_partition.current",
            "module.eks.data.template_file.userdata",
            "module.eks.random_pet.workers"
          ],
          "create_before_destroy": true
        }
      ]
    },
    {
      "module": "module.eks",
      "mode": "managed",
      "type": "aws_eks_cluster",
      "name": "this",
      "provider": "provider[\"registry.terraform.io/hashicorp/aws\"]",
      "instances": [
        {
          "index_key": 0,
          "schema_version": 0,
          "attributes": {
            "arn": "arn:aws:eks:us-east-2:968036092797:cluster/training-vpc-1",
            "certificate_authority": [
              {
                "data": "LS0tLS1CRUdJTiBDRVJUSUZJQ0FURS0tLS0tCk1JSUN5RENDQWJDZ0F3SUJBZ0lCQURBTkJna3Foa2lHOXcwQkFRc0ZBREFWTVJNd0VRWURWUVFERXdwcmRXSmwKY201bGRHVnpNQjRYRFRJd01USXhOREl3TWpreE9Gb1hEVE13TVRJeE1qSXdNamt4T0Zvd0ZURVRNQkVHQTFVRQpBeE1LYTNWaVpYSnVaWFJsY3pDQ0FTSXdEUVlKS29aSWh2Y05BUUVCQlFBRGdnRVBBRENDQVFvQ2dnRUJBUEFwCkJTeENic2QzWExQOTdOU0ZVV09BYnZiYUxuWjFJR3UxMWxQVmFHdUhlLzhRMXNLRnl4ajVyYkZQcUFKbjZ0RHgKNk9iNmlhdGV1QVlnblliL2prZEowdTB4UmJtRWUvTUd1YXdYcXNNaFpacU02VjBMeW9RSWJIaDA4OGlqSGxHbQp3ODBtNVNBb0ttUS92cEF2bGdBZDIwV25pSWlPT3Q2c2V0WXQzTUFTS3JEUWw0eTFNOVh4L2tLb0c0RVNPVjNuCmd4eVd0RUsvb2oyajJ2QWgwZy9vQTVtZzByaFJpRy9aZ3lqeWJjSGdUb2NDaXFzSjNqK2VWMnUwSWNYZzVMTFEKTFlUZnp3WlBzRFgzOVR4R2t2aHIwY3BXOXNIUVVmOXhXa25UQng1N3dQdFZ3WVFSZ3oxQkhQRE5TRGwyTEJ3TQp4Y3IzMDdPVkJENVRGTWpHSVJzQ0F3RUFBYU1qTUNFd0RnWURWUjBQQVFIL0JBUURBZ0trTUE4R0ExVWRFd0VCCi93UUZNQU1CQWY4d0RRWUpLb1pJaHZjTkFRRUxCUUFEZ2dFQkFKcEpTOGFEOWdFM2J5OFU1T2JlWjVUV3V1dzYKamdqcUc3NEt4ck52b0VRcjU5cExFMlVzTTNMTVplNFpUK3V4RlBhckVMZGFkNlBZU0hVMGVTOTZPcElxK0hZZApSZk9JTGZ6RVdKZGlpMHhvekJVRDJzVUt4VGM1T04wZzJYV1ZPVFJzajN1SXVadGNrQ2VwWmFiY05ER0FGeTdECkc4QXZIQUVkdmtKc1BVRGRPTDMxUHEwMVR3Zk5ma2lNWGYzdC9PS1F1YlBraTNsY21MWmoxSUlJOUZWbDJWRXAKSjNDc1ZTZ0twVWk1T0RHWE9vRjJUdTR0UVBSU2tOQ1cwMWpwMFd5MmhVUW1RUitrRWxkQUlIdTV6UUtyM0RrWgpRMlQyRUNJcmFGczN2WWVkZmJuNWZWcTBGWUJRaDFaLzBxa1VhbEtYMkZIZm40akhlSXoyTHJBYU1Bdz0KLS0tLS1FTkQgQ0VSVElGSUNBVEUtLS0tLQo="
              }
            ],
            "created_at": "2020-12-14 20:21:01.733 +0000 UTC",
            "enabled_cluster_log_types": null,
            "encryption_config": [],
            "endpoint": "https://6AC22398EB67362ED37A8388D29C5E0B.gr7.us-east-2.eks.amazonaws.com",
            "id": "training-vpc-1",
            "identity": [
              {
                "oidc": [
                  {
                    "issuer": "https://oidc.eks.us-east-2.amazonaws.com/id/6AC22398EB67362ED37A8388D29C5E0B"
                  }
                ]
              }
            ],
            "kubernetes_network_config": [
              {
                "service_ipv4_cidr": "172.20.0.0/16"
              }
            ],
            "name": "training-vpc-1",
            "platform_version": "eks.5",
            "role_arn": "arn:aws:iam::968036092797:role/training-vpc-120201214202057463600000002",
            "status": "ACTIVE",
            "tags": null,
            "timeouts": {
              "create": "30m",
              "delete": "15m",
              "update": null
            },
            "version": "1.17",
            "vpc_config": [
              {
                "cluster_security_group_id": "sg-022f7c977cafb765b",
                "endpoint_private_access": false,
                "endpoint_public_access": true,
                "public_access_cidrs": [
                  "0.0.0.0/0"
                ],
                "security_group_ids": [
                  "sg-0d129e35201626317"
                ],
                "subnet_ids": [
                  "subnet-02be000bc8bb8f115",
                  "subnet-098b4ff86fffbffc9",
                  "subnet-0c5ce95aad4ea8e0c"
                ],
                "vpc_id": "vpc-0eea6ded02cc18b8d"
              }
            ]
          },
          "sensitive_attributes": [],
          "private": "eyJlMmJmYjczMC1lY2FhLTExZTYtOGY4OC0zNDM2M2JjN2M0YzAiOnsiY3JlYXRlIjoxODAwMDAwMDAwMDAwLCJkZWxldGUiOjkwMDAwMDAwMDAwMCwidXBkYXRlIjozNjAwMDAwMDAwMDAwfX0=",
          "dependencies": [
            "data.aws_subnet.subnets",
            "data.aws_vpc.vpc",
            "module.eks.aws_cloudwatch_log_group.this",
            "module.eks.aws_iam_role.cluster",
            "module.eks.aws_iam_role_policy_attachment.cluster_AmazonEKSClusterPolicy",
            "module.eks.aws_iam_role_policy_attachment.cluster_AmazonEKSServicePolicy",
            "module.eks.aws_iam_role_policy_attachment.cluster_AmazonEKSVPCResourceControllerPolicy",
            "module.eks.aws_security_group.cluster",
            "module.eks.aws_security_group.workers",
            "module.eks.aws_security_group_rule.cluster_egress_internet",
            "module.eks.aws_security_group_rule.cluster_https_worker_ingress",
            "module.eks.data.aws_iam_policy_document.cluster_assume_role_policy",
            "module.eks.data.aws_iam_role.custom_cluster_iam_role",
            "module.eks.data.aws_partition.current"
          ],
          "create_before_destroy": true
        }
      ]
    },
    {
      "module": "module.eks",
      "mode": "managed",
      "type": "aws_iam_instance_profile",
      "name": "workers",
      "provider": "provider[\"registry.terraform.io/hashicorp/aws\"]",
      "instances": [
        {
          "index_key": 0,
          "schema_version": 0,
          "attributes": {
            "arn": "arn:aws:iam::968036092797:instance-profile/training-vpc-12020121420332405790000000b",
            "create_date": "2020-12-14T20:33:24Z",
            "id": "training-vpc-12020121420332405790000000b",
            "name": "training-vpc-12020121420332405790000000b",
            "name_prefix": "training-vpc-1",
            "path": "/",
            "role": "training-vpc-120201214203323512200000009",
            "unique_id": "AIPA6CY3SRN6YAYTAYHPI"
          },
          "sensitive_attributes": [],
          "private": "bnVsbA==",
          "dependencies": [
            "data.aws_security_group.worker_group_mgmt_one",
            "data.aws_security_group.worker_group_mgmt_two",
            "data.aws_subnet.subnets",
            "data.aws_vpc.vpc",
            "module.eks.aws_cloudwatch_log_group.this",
            "module.eks.aws_eks_cluster.this",
            "module.eks.aws_iam_role.cluster",
            "module.eks.aws_iam_role.workers",
            "module.eks.aws_iam_role_policy_attachment.cluster_AmazonEKSClusterPolicy",
            "module.eks.aws_iam_role_policy_attachment.cluster_AmazonEKSServicePolicy",
            "module.eks.aws_iam_role_policy_attachment.cluster_AmazonEKSVPCResourceControllerPolicy",
            "module.eks.aws_security_group.cluster",
            "module.eks.aws_security_group.workers",
            "module.eks.aws_security_group_rule.cluster_egress_internet",
            "module.eks.aws_security_group_rule.cluster_https_worker_ingress",
            "module.eks.data.aws_iam_policy_document.cluster_assume_role_policy",
            "module.eks.data.aws_iam_policy_document.workers_assume_role_policy",
            "module.eks.data.aws_iam_role.custom_cluster_iam_role",
            "module.eks.data.aws_partition.current"
          ],
          "create_before_destroy": true
        },
        {
          "index_key": 1,
          "schema_version": 0,
          "attributes": {
            "arn": "arn:aws:iam::968036092797:instance-profile/training-vpc-12020121420332405740000000a",
            "create_date": "2020-12-14T20:33:24Z",
            "id": "training-vpc-12020121420332405740000000a",
            "name": "training-vpc-12020121420332405740000000a",
            "name_prefix": "training-vpc-1",
            "path": "/",
            "role": "training-vpc-120201214203323512200000009",
            "unique_id": "AIPA6CY3SRN62PYLKOCQU"
          },
          "sensitive_attributes": [],
          "private": "bnVsbA==",
          "dependencies": [
            "data.aws_security_group.worker_group_mgmt_one",
            "data.aws_security_group.worker_group_mgmt_two",
            "data.aws_subnet.subnets",
            "data.aws_vpc.vpc",
            "module.eks.aws_cloudwatch_log_group.this",
            "module.eks.aws_eks_cluster.this",
            "module.eks.aws_iam_role.cluster",
            "module.eks.aws_iam_role.workers",
            "module.eks.aws_iam_role_policy_attachment.cluster_AmazonEKSClusterPolicy",
            "module.eks.aws_iam_role_policy_attachment.cluster_AmazonEKSServicePolicy",
            "module.eks.aws_iam_role_policy_attachment.cluster_AmazonEKSVPCResourceControllerPolicy",
            "module.eks.aws_security_group.cluster",
            "module.eks.aws_security_group.workers",
            "module.eks.aws_security_group_rule.cluster_egress_internet",
            "module.eks.aws_security_group_rule.cluster_https_worker_ingress",
            "module.eks.data.aws_iam_policy_document.cluster_assume_role_policy",
            "module.eks.data.aws_iam_policy_document.workers_assume_role_policy",
            "module.eks.data.aws_iam_role.custom_cluster_iam_role",
            "module.eks.data.aws_partition.current"
          ],
          "create_before_destroy": true
        }
      ]
    },
    {
      "module": "module.eks",
      "mode": "managed",
      "type": "aws_iam_policy",
      "name": "cluster_elb_sl_role_creation",
      "provider": "provider[\"registry.terraform.io/hashicorp/aws\"]",
      "instances": [
        {
          "index_key": 0,
          "schema_version": 0,
          "attributes": {
            "arn": "arn:aws:iam::968036092797:policy/training-vpc-1-elb-sl-role-creation20201214202057462900000001",
            "description": "Permissions for EKS to create AWSServiceRoleForElasticLoadBalancing service-linked role",
            "id": "arn:aws:iam::968036092797:policy/training-vpc-1-elb-sl-role-creation20201214202057462900000001",
            "name": "training-vpc-1-elb-sl-role-creation20201214202057462900000001",
            "name_prefix": "training-vpc-1-elb-sl-role-creation",
            "path": "/",
            "policy": "{\n  \"Version\": \"2012-10-17\",\n  \"Statement\": [\n    {\n      \"Sid\": \"\",\n      \"Effect\": \"Allow\",\n      \"Action\": [\n        \"ec2:DescribeInternetGateways\",\n        \"ec2:DescribeAccountAttributes\"\n      ],\n      \"Resource\": \"*\"\n    }\n  ]\n}"
          },
          "sensitive_attributes": [],
          "private": "bnVsbA==",
          "dependencies": [
            "module.eks.data.aws_iam_policy_document.cluster_elb_sl_role_creation"
          ]
        }
      ]
    },
    {
      "module": "module.eks",
      "mode": "managed",
      "type": "aws_iam_role",
      "name": "cluster",
      "provider": "provider[\"registry.terraform.io/hashicorp/aws\"]",
      "instances": [
        {
          "index_key": 0,
          "schema_version": 0,
          "attributes": {
            "arn": "arn:aws:iam::968036092797:role/training-vpc-120201214202057463600000002",
            "assume_role_policy": "{\"Version\":\"2012-10-17\",\"Statement\":[{\"Sid\":\"EKSClusterAssumeRole\",\"Effect\":\"Allow\",\"Principal\":{\"Service\":\"eks.amazonaws.com\"},\"Action\":\"sts:AssumeRole\"}]}",
            "create_date": "2020-12-14T20:20:57Z",
            "description": "",
            "force_detach_policies": true,
            "id": "training-vpc-120201214202057463600000002",
            "max_session_duration": 3600,
            "name": "training-vpc-120201214202057463600000002",
            "name_prefix": "training-vpc-1",
            "path": "/",
            "permissions_boundary": null,
            "tags": null,
            "unique_id": "AROA6CY3SRN62OFVCZWEA"
          },
          "sensitive_attributes": [],
          "private": "bnVsbA==",
          "dependencies": [
            "module.eks.data.aws_iam_policy_document.cluster_assume_role_policy"
          ],
          "create_before_destroy": true
        }
      ]
    },
    {
      "module": "module.eks",
      "mode": "managed",
      "type": "aws_iam_role",
      "name": "workers",
      "provider": "provider[\"registry.terraform.io/hashicorp/aws\"]",
      "instances": [
        {
          "index_key": 0,
          "schema_version": 0,
          "attributes": {
            "arn": "arn:aws:iam::968036092797:role/training-vpc-120201214203323512200000009",
            "assume_role_policy": "{\"Version\":\"2012-10-17\",\"Statement\":[{\"Sid\":\"EKSWorkerAssumeRole\",\"Effect\":\"Allow\",\"Principal\":{\"Service\":\"ec2.amazonaws.com\"},\"Action\":\"sts:AssumeRole\"}]}",
            "create_date": "2020-12-14T20:33:23Z",
            "description": "",
            "force_detach_policies": true,
            "id": "training-vpc-120201214203323512200000009",
            "max_session_duration": 3600,
            "name": "training-vpc-120201214203323512200000009",
            "name_prefix": "training-vpc-1",
            "path": "/",
            "permissions_boundary": null,
            "tags": null,
            "unique_id": "AROA6CY3SRN67NNW7E35O"
          },
          "sensitive_attributes": [],
          "private": "bnVsbA==",
          "dependencies": [
            "data.aws_subnet.subnets",
            "data.aws_vpc.vpc",
            "module.eks.aws_cloudwatch_log_group.this",
            "module.eks.aws_eks_cluster.this",
            "module.eks.aws_iam_role.cluster",
            "module.eks.aws_iam_role_policy_attachment.cluster_AmazonEKSClusterPolicy",
            "module.eks.aws_iam_role_policy_attachment.cluster_AmazonEKSServicePolicy",
            "module.eks.aws_iam_role_policy_attachment.cluster_AmazonEKSVPCResourceControllerPolicy",
            "module.eks.aws_security_group.cluster",
            "module.eks.aws_security_group.workers",
            "module.eks.aws_security_group_rule.cluster_egress_internet",
            "module.eks.aws_security_group_rule.cluster_https_worker_ingress",
            "module.eks.data.aws_iam_policy_document.cluster_assume_role_policy",
            "module.eks.data.aws_iam_policy_document.workers_assume_role_policy",
            "module.eks.data.aws_iam_role.custom_cluster_iam_role",
            "module.eks.data.aws_partition.current"
          ],
          "create_before_destroy": true
        }
      ]
    },
    {
      "module": "module.eks",
      "mode": "managed",
      "type": "aws_iam_role_policy_attachment",
      "name": "cluster_AmazonEKSClusterPolicy",
      "provider": "provider[\"registry.terraform.io/hashicorp/aws\"]",
      "instances": [
        {
          "index_key": 0,
          "schema_version": 0,
          "attributes": {
            "id": "training-vpc-120201214202057463600000002-20201214202058328900000007",
            "policy_arn": "arn:aws:iam::aws:policy/AmazonEKSClusterPolicy",
            "role": "training-vpc-120201214202057463600000002"
          },
          "sensitive_attributes": [],
          "private": "bnVsbA==",
          "dependencies": [
            "module.eks.aws_iam_role.cluster",
            "module.eks.data.aws_iam_policy_document.cluster_assume_role_policy",
            "module.eks.data.aws_partition.current"
          ],
          "create_before_destroy": true
        }
      ]
    },
    {
      "module": "module.eks",
      "mode": "managed",
      "type": "aws_iam_role_policy_attachment",
      "name": "cluster_AmazonEKSServicePolicy",
      "provider": "provider[\"registry.terraform.io/hashicorp/aws\"]",
      "instances": [
        {
          "index_key": 0,
          "schema_version": 0,
          "attributes": {
            "id": "training-vpc-120201214202057463600000002-20201214202058321900000006",
            "policy_arn": "arn:aws:iam::aws:policy/AmazonEKSServicePolicy",
            "role": "training-vpc-120201214202057463600000002"
          },
          "sensitive_attributes": [],
          "private": "bnVsbA==",
          "dependencies": [
            "module.eks.aws_iam_role.cluster",
            "module.eks.data.aws_iam_policy_document.cluster_assume_role_policy",
            "module.eks.data.aws_partition.current"
          ],
          "create_before_destroy": true
        }
      ]
    },
    {
      "module": "module.eks",
      "mode": "managed",
      "type": "aws_iam_role_policy_attachment",
      "name": "cluster_AmazonEKSVPCResourceControllerPolicy",
      "provider": "provider[\"registry.terraform.io/hashicorp/aws\"]",
      "instances": [
        {
          "index_key": 0,
          "schema_version": 0,
          "attributes": {
            "id": "training-vpc-120201214202057463600000002-20201214202058302400000005",
            "policy_arn": "arn:aws:iam::aws:policy/AmazonEKSVPCResourceController",
            "role": "training-vpc-120201214202057463600000002"
          },
          "sensitive_attributes": [],
          "private": "bnVsbA==",
          "dependencies": [
            "module.eks.aws_iam_role.cluster",
            "module.eks.data.aws_iam_policy_document.cluster_assume_role_policy",
            "module.eks.data.aws_partition.current"
          ],
          "create_before_destroy": true
        }
      ]
    },
    {
      "module": "module.eks",
      "mode": "managed",
      "type": "aws_iam_role_policy_attachment",
      "name": "cluster_elb_sl_role_creation",
      "provider": "provider[\"registry.terraform.io/hashicorp/aws\"]",
      "instances": [
        {
          "index_key": 0,
          "schema_version": 0,
          "attributes": {
            "id": "training-vpc-120201214202057463600000002-20201214202058662600000008",
            "policy_arn": "arn:aws:iam::968036092797:policy/training-vpc-1-elb-sl-role-creation20201214202057462900000001",
            "role": "training-vpc-120201214202057463600000002"
          },
          "sensitive_attributes": [],
          "private": "bnVsbA==",
          "dependencies": [
            "module.eks.aws_iam_policy.cluster_elb_sl_role_creation",
            "module.eks.aws_iam_role.cluster",
            "module.eks.data.aws_iam_policy_document.cluster_assume_role_policy",
            "module.eks.data.aws_iam_policy_document.cluster_elb_sl_role_creation"
          ]
        }
      ]
    },
    {
      "module": "module.eks",
      "mode": "managed",
      "type": "aws_iam_role_policy_attachment",
      "name": "workers_AmazonEC2ContainerRegistryReadOnly",
      "provider": "provider[\"registry.terraform.io/hashicorp/aws\"]",
      "instances": [
        {
          "index_key": 0,
          "schema_version": 0,
          "attributes": {
            "id": "training-vpc-120201214203323512200000009-2020121420332434730000000d",
            "policy_arn": "arn:aws:iam::aws:policy/AmazonEC2ContainerRegistryReadOnly",
            "role": "training-vpc-120201214203323512200000009"
          },
          "sensitive_attributes": [],
          "private": "bnVsbA==",
          "dependencies": [
            "data.aws_subnet.subnets",
            "data.aws_vpc.vpc",
            "module.eks.aws_cloudwatch_log_group.this",
            "module.eks.aws_eks_cluster.this",
            "module.eks.aws_iam_role.cluster",
            "module.eks.aws_iam_role.workers",
            "module.eks.aws_iam_role_policy_attachment.cluster_AmazonEKSClusterPolicy",
            "module.eks.aws_iam_role_policy_attachment.cluster_AmazonEKSServicePolicy",
            "module.eks.aws_iam_role_policy_attachment.cluster_AmazonEKSVPCResourceControllerPolicy",
            "module.eks.aws_security_group.cluster",
            "module.eks.aws_security_group.workers",
            "module.eks.aws_security_group_rule.cluster_egress_internet",
            "module.eks.aws_security_group_rule.cluster_https_worker_ingress",
            "module.eks.data.aws_iam_policy_document.cluster_assume_role_policy",
            "module.eks.data.aws_iam_policy_document.workers_assume_role_policy",
            "module.eks.data.aws_iam_role.custom_cluster_iam_role",
            "module.eks.data.aws_partition.current"
          ],
          "create_before_destroy": true
        }
      ]
    },
    {
      "module": "module.eks",
      "mode": "managed",
      "type": "aws_iam_role_policy_attachment",
      "name": "workers_AmazonEKSWorkerNodePolicy",
      "provider": "provider[\"registry.terraform.io/hashicorp/aws\"]",
      "instances": [
        {
          "index_key": 0,
          "schema_version": 0,
          "attributes": {
            "id": "training-vpc-120201214203323512200000009-2020121420332435690000000e",
            "policy_arn": "arn:aws:iam::aws:policy/AmazonEKSWorkerNodePolicy",
            "role": "training-vpc-120201214203323512200000009"
          },
          "sensitive_attributes": [],
          "private": "bnVsbA==",
          "dependencies": [
            "data.aws_subnet.subnets",
            "data.aws_vpc.vpc",
            "module.eks.aws_cloudwatch_log_group.this",
            "module.eks.aws_eks_cluster.this",
            "module.eks.aws_iam_role.cluster",
            "module.eks.aws_iam_role.workers",
            "module.eks.aws_iam_role_policy_attachment.cluster_AmazonEKSClusterPolicy",
            "module.eks.aws_iam_role_policy_attachment.cluster_AmazonEKSServicePolicy",
            "module.eks.aws_iam_role_policy_attachment.cluster_AmazonEKSVPCResourceControllerPolicy",
            "module.eks.aws_security_group.cluster",
            "module.eks.aws_security_group.workers",
            "module.eks.aws_security_group_rule.cluster_egress_internet",
            "module.eks.aws_security_group_rule.cluster_https_worker_ingress",
            "module.eks.data.aws_iam_policy_document.cluster_assume_role_policy",
            "module.eks.data.aws_iam_policy_document.workers_assume_role_policy",
            "module.eks.data.aws_iam_role.custom_cluster_iam_role",
            "module.eks.data.aws_partition.current"
          ],
          "create_before_destroy": true
        }
      ]
    },
    {
      "module": "module.eks",
      "mode": "managed",
      "type": "aws_iam_role_policy_attachment",
      "name": "workers_AmazonEKS_CNI_Policy",
      "provider": "provider[\"registry.terraform.io/hashicorp/aws\"]",
      "instances": [
        {
          "index_key": 0,
          "schema_version": 0,
          "attributes": {
            "id": "training-vpc-120201214203323512200000009-2020121420332433750000000c",
            "policy_arn": "arn:aws:iam::aws:policy/AmazonEKS_CNI_Policy",
            "role": "training-vpc-120201214203323512200000009"
          },
          "sensitive_attributes": [],
          "private": "bnVsbA==",
          "dependencies": [
            "data.aws_subnet.subnets",
            "data.aws_vpc.vpc",
            "module.eks.aws_cloudwatch_log_group.this",
            "module.eks.aws_eks_cluster.this",
            "module.eks.aws_iam_role.cluster",
            "module.eks.aws_iam_role.workers",
            "module.eks.aws_iam_role_policy_attachment.cluster_AmazonEKSClusterPolicy",
            "module.eks.aws_iam_role_policy_attachment.cluster_AmazonEKSServicePolicy",
            "module.eks.aws_iam_role_policy_attachment.cluster_AmazonEKSVPCResourceControllerPolicy",
            "module.eks.aws_security_group.cluster",
            "module.eks.aws_security_group.workers",
            "module.eks.aws_security_group_rule.cluster_egress_internet",
            "module.eks.aws_security_group_rule.cluster_https_worker_ingress",
            "module.eks.data.aws_iam_policy_document.cluster_assume_role_policy",
            "module.eks.data.aws_iam_policy_document.workers_assume_role_policy",
            "module.eks.data.aws_iam_role.custom_cluster_iam_role",
            "module.eks.data.aws_partition.current"
          ],
          "create_before_destroy": true
        }
      ]
    },
    {
      "module": "module.eks",
      "mode": "managed",
      "type": "aws_launch_configuration",
      "name": "workers",
      "provider": "provider[\"registry.terraform.io/hashicorp/aws\"]",
      "instances": [
        {
          "index_key": 0,
          "schema_version": 0,
          "attributes": {
            "arn": "arn:aws:autoscaling:us-east-2:968036092797:launchConfiguration:4f3c98a9-a50e-45bc-a24c-b2b26c38b540:launchConfigurationName/training-vpc-1-worker_group_120201214203325539200000010",
            "associate_public_ip_address": false,
            "ebs_block_device": [],
            "ebs_optimized": false,
            "enable_monitoring": true,
            "ephemeral_block_device": [],
            "iam_instance_profile": "training-vpc-12020121420332405790000000b",
            "id": "training-vpc-1-worker_group_120201214203325539200000010",
            "image_id": "ami-0b264aaeebb68c954",
            "instance_type": "t2.small",
            "key_name": "",
            "name": "training-vpc-1-worker_group_120201214203325539200000010",
            "name_prefix": "training-vpc-1-worker_group_1",
            "placement_tenancy": "",
            "root_block_device": [
              {
                "delete_on_termination": true,
                "encrypted": false,
                "iops": 0,
                "volume_size": 100,
                "volume_type": "gp2"
              }
            ],
            "security_groups": [
              "sg-02f63106385ea3de9",
              "sg-08a1af353a9be2313"
            ],
            "spot_price": "",
            "user_data": null,
            "user_data_base64": "IyEvYmluL2Jhc2ggLXhlCgojIEFsbG93IHVzZXIgc3VwcGxpZWQgcHJlIHVzZXJkYXRhIGNvZGUKCgojIEJvb3RzdHJhcCBhbmQgam9pbiB0aGUgY2x1c3RlcgovZXRjL2Vrcy9ib290c3RyYXAuc2ggLS1iNjQtY2x1c3Rlci1jYSAnTFMwdExTMUNSVWRKVGlCRFJWSlVTVVpKUTBGVVJTMHRMUzB0Q2sxSlNVTjVSRU5EUVdKRFowRjNTVUpCWjBsQ1FVUkJUa0puYTNGb2EybEhPWGN3UWtGUmMwWkJSRUZXVFZKTmQwVlJXVVJXVVZGRVJYZHdjbVJYU213S1kyMDFiR1JIVm5wTlFqUllSRlJKZDAxVVNYaE9SRWwzVFdwcmVFOUdiMWhFVkUxM1RWUkplRTFxU1hkTmFtdDRUMFp2ZDBaVVJWUk5Ra1ZIUVRGVlJRcEJlRTFMWVROV2FWcFlTblZhV0ZKc1kzcERRMEZUU1hkRVVWbEtTMjlhU1doMlkwNUJVVVZDUWxGQlJHZG5SVkJCUkVORFFWRnZRMmRuUlVKQlVFRndDa0pUZUVOaWMyUXpXRXhRT1RkT1UwWlZWMDlCWW5aaVlVeHVXakZKUjNVeE1XeFFWbUZIZFVobEx6aFJNWE5MUm5sNGFqVnlZa1pRY1VGS2JqWjBSSGdLTms5aU5tbGhkR1YxUVZsbmJsbGlMMnByWkVvd2RUQjRVbUp0UldVdlRVZDFZWGRZY1hOTmFGcGFjVTAyVmpCTWVXOVJTV0pJYURBNE9HbHFTR3hIYlFwM09EQnROVk5CYjB0dFVTOTJjRUYyYkdkQlpESXdWMjVwU1dsUFQzUTJjMlYwV1hRelRVRlRTM0pFVVd3MGVURk5PVmg0TDJ0TGIwYzBSVk5QVmpOdUNtZDRlVmQwUlVzdmIyb3lhakoyUVdnd1p5OXZRVFZ0WnpCeWFGSnBSeTlhWjNscWVXSmpTR2RVYjJORGFYRnpTak5xSzJWV01uVXdTV05ZWnpWTVRGRUtURmxVWm5wM1dsQnpSRmd6T1ZSNFIydDJhSEl3WTNCWE9YTklVVlZtT1hoWGEyNVVRbmcxTjNkUWRGWjNXVkZTWjNveFFraFFSRTVUUkd3eVRFSjNUUXA0WTNJek1EZFBWa0pFTlZSR1RXcEhTVkp6UTBGM1JVRkJZVTFxVFVORmQwUm5XVVJXVWpCUVFWRklMMEpCVVVSQlowdHJUVUU0UjBFeFZXUkZkMFZDQ2k5M1VVWk5RVTFDUVdZNGQwUlJXVXBMYjFwSmFIWmpUa0ZSUlV4Q1VVRkVaMmRGUWtGS2NFcFRPR0ZFT1dkRk0ySjVPRlUxVDJKbFdqVlVWM1YxZHpZS2FtZHFjVWMzTkV0NGNrNTJiMFZSY2pVNWNFeEZNbFZ6VFROTVRWcGxORnBVSzNWNFJsQmhja1ZNWkdGa05sQlpVMGhWTUdWVE9UWlBjRWx4SzBoWlpBcFNaazlKVEdaNlJWZEtaR2xwTUhodmVrSlZSREp6VlV0NFZHTTFUMDR3WnpKWVYxWlBWRkp6YWpOMVNYVmFkR05yUTJWd1dtRmlZMDVFUjBGR2VUZEVDa2M0UVhaSVFVVmtkbXRLYzFCVlJHUlBURE14VUhFd01WUjNaazVtYTJsTldHWXpkQzlQUzFGMVlsQnJhVE5zWTIxTVdtb3hTVWxKT1VaV2JESldSWEFLU2pORGMxWlRaMHR3VldrMVQwUkhXRTl2UmpKVWRUUjBVVkJTVTJ0T1ExY3dNV3B3TUZkNU1taFZVVzFSVWl0clJXeGtRVWxJZFRWNlVVdHlNMFJyV2dwUk1sUXlSVU5KY21GR2N6TjJXV1ZrWm1KdU5XWldjVEJHV1VKUmFERmFMekJ4YTFWaGJFdFlNa1pJWm00MGFraGxTWG95VEhKQllVMUJkejBLTFMwdExTMUZUa1FnUTBWU1ZFbEdTVU5CVkVVdExTMHRMUW89JyAtLWFwaXNlcnZlci1lbmRwb2ludCAnaHR0cHM6Ly82QUMyMjM5OEVCNjczNjJFRDM3QTgzODhEMjlDNUUwQi5ncjcudXMtZWFzdC0yLmVrcy5hbWF6b25hd3MuY29tJyAgLS1rdWJlbGV0LWV4dHJhLWFyZ3MgIiIgJ3RyYWluaW5nLXZwYy0xJwoKIyBBbGxvdyB1c2VyIHN1cHBsaWVkIHVzZXJkYXRhIGNvZGUKZWNobyBmb28gYmFyCg==",
            "vpc_classic_link_id": "",
            "vpc_classic_link_security_groups": null
          },
          "sensitive_attributes": [],
          "private": "bnVsbA==",
          "dependencies": [
            "data.aws_security_group.worker_group_mgmt_one",
            "data.aws_security_group.worker_group_mgmt_two",
            "data.aws_subnet.subnets",
            "data.aws_vpc.vpc",
            "module.eks.aws_cloudwatch_log_group.this",
            "module.eks.aws_eks_cluster.this",
            "module.eks.aws_iam_instance_profile.workers",
            "module.eks.aws_iam_role.cluster",
            "module.eks.aws_iam_role.workers",
            "module.eks.aws_iam_role_policy_attachment.cluster_AmazonEKSClusterPolicy",
            "module.eks.aws_iam_role_policy_attachment.cluster_AmazonEKSServicePolicy",
            "module.eks.aws_iam_role_policy_attachment.cluster_AmazonEKSVPCResourceControllerPolicy",
            "module.eks.aws_iam_role_policy_attachment.workers_AmazonEC2ContainerRegistryReadOnly",
            "module.eks.aws_iam_role_policy_attachment.workers_AmazonEKSWorkerNodePolicy",
            "module.eks.aws_iam_role_policy_attachment.workers_AmazonEKS_CNI_Policy",
            "module.eks.aws_iam_role_policy_attachment.workers_additional_policies",
            "module.eks.aws_security_group.cluster",
            "module.eks.aws_security_group.workers",
            "module.eks.aws_security_group_rule.cluster_egress_internet",
            "module.eks.aws_security_group_rule.cluster_https_worker_ingress",
            "module.eks.aws_security_group_rule.cluster_primary_ingress_workers",
            "module.eks.aws_security_group_rule.workers_egress_internet",
            "module.eks.aws_security_group_rule.workers_ingress_cluster",
            "module.eks.aws_security_group_rule.workers_ingress_cluster_https",
            "module.eks.aws_security_group_rule.workers_ingress_cluster_kubelet",
            "module.eks.aws_security_group_rule.workers_ingress_cluster_primary",
            "module.eks.aws_security_group_rule.workers_ingress_self",
            "module.eks.data.aws_ami.eks_worker",
            "module.eks.data.aws_ami.eks_worker_windows",
            "module.eks.data.aws_iam_instance_profile.custom_worker_group_iam_instance_profile",
            "module.eks.data.aws_iam_policy_document.cluster_assume_role_policy",
            "module.eks.data.aws_iam_policy_document.workers_assume_role_policy",
            "module.eks.data.aws_iam_role.custom_cluster_iam_role",
            "module.eks.data.aws_partition.current",
            "module.eks.data.template_file.userdata"
          ],
          "create_before_destroy": true
        },
        {
          "index_key": 1,
          "schema_version": 0,
          "attributes": {
            "arn": "arn:aws:autoscaling:us-east-2:968036092797:launchConfiguration:0650f2f8-bcc4-443f-8d16-ac71073e18d0:launchConfigurationName/training-vpc-1-workder_group_22020121420332552660000000f",
            "associate_public_ip_address": false,
            "ebs_block_device": [],
            "ebs_optimized": false,
            "enable_monitoring": true,
            "ephemeral_block_device": [],
            "iam_instance_profile": "training-vpc-12020121420332405740000000a",
            "id": "training-vpc-1-workder_group_22020121420332552660000000f",
            "image_id": "ami-0b264aaeebb68c954",
            "instance_type": "t2.medium",
            "key_name": "",
            "name": "training-vpc-1-workder_group_22020121420332552660000000f",
            "name_prefix": "training-vpc-1-workder_group_2",
            "placement_tenancy": "",
            "root_block_device": [
              {
                "delete_on_termination": true,
                "encrypted": false,
                "iops": 0,
                "volume_size": 100,
                "volume_type": "gp2"
              }
            ],
            "security_groups": [
              "sg-01ec6a932c5c50918",
              "sg-08a1af353a9be2313"
            ],
            "spot_price": "",
            "user_data": null,
            "user_data_base64": "IyEvYmluL2Jhc2ggLXhlCgojIEFsbG93IHVzZXIgc3VwcGxpZWQgcHJlIHVzZXJkYXRhIGNvZGUKCgojIEJvb3RzdHJhcCBhbmQgam9pbiB0aGUgY2x1c3RlcgovZXRjL2Vrcy9ib290c3RyYXAuc2ggLS1iNjQtY2x1c3Rlci1jYSAnTFMwdExTMUNSVWRKVGlCRFJWSlVTVVpKUTBGVVJTMHRMUzB0Q2sxSlNVTjVSRU5EUVdKRFowRjNTVUpCWjBsQ1FVUkJUa0puYTNGb2EybEhPWGN3UWtGUmMwWkJSRUZXVFZKTmQwVlJXVVJXVVZGRVJYZHdjbVJYU213S1kyMDFiR1JIVm5wTlFqUllSRlJKZDAxVVNYaE9SRWwzVFdwcmVFOUdiMWhFVkUxM1RWUkplRTFxU1hkTmFtdDRUMFp2ZDBaVVJWUk5Ra1ZIUVRGVlJRcEJlRTFMWVROV2FWcFlTblZhV0ZKc1kzcERRMEZUU1hkRVVWbEtTMjlhU1doMlkwNUJVVVZDUWxGQlJHZG5SVkJCUkVORFFWRnZRMmRuUlVKQlVFRndDa0pUZUVOaWMyUXpXRXhRT1RkT1UwWlZWMDlCWW5aaVlVeHVXakZKUjNVeE1XeFFWbUZIZFVobEx6aFJNWE5MUm5sNGFqVnlZa1pRY1VGS2JqWjBSSGdLTms5aU5tbGhkR1YxUVZsbmJsbGlMMnByWkVvd2RUQjRVbUp0UldVdlRVZDFZWGRZY1hOTmFGcGFjVTAyVmpCTWVXOVJTV0pJYURBNE9HbHFTR3hIYlFwM09EQnROVk5CYjB0dFVTOTJjRUYyYkdkQlpESXdWMjVwU1dsUFQzUTJjMlYwV1hRelRVRlRTM0pFVVd3MGVURk5PVmg0TDJ0TGIwYzBSVk5QVmpOdUNtZDRlVmQwUlVzdmIyb3lhakoyUVdnd1p5OXZRVFZ0WnpCeWFGSnBSeTlhWjNscWVXSmpTR2RVYjJORGFYRnpTak5xSzJWV01uVXdTV05ZWnpWTVRGRUtURmxVWm5wM1dsQnpSRmd6T1ZSNFIydDJhSEl3WTNCWE9YTklVVlZtT1hoWGEyNVVRbmcxTjNkUWRGWjNXVkZTWjNveFFraFFSRTVUUkd3eVRFSjNUUXA0WTNJek1EZFBWa0pFTlZSR1RXcEhTVkp6UTBGM1JVRkJZVTFxVFVORmQwUm5XVVJXVWpCUVFWRklMMEpCVVVSQlowdHJUVUU0UjBFeFZXUkZkMFZDQ2k5M1VVWk5RVTFDUVdZNGQwUlJXVXBMYjFwSmFIWmpUa0ZSUlV4Q1VVRkVaMmRGUWtGS2NFcFRPR0ZFT1dkRk0ySjVPRlUxVDJKbFdqVlVWM1YxZHpZS2FtZHFjVWMzTkV0NGNrNTJiMFZSY2pVNWNFeEZNbFZ6VFROTVRWcGxORnBVSzNWNFJsQmhja1ZNWkdGa05sQlpVMGhWTUdWVE9UWlBjRWx4SzBoWlpBcFNaazlKVEdaNlJWZEtaR2xwTUhodmVrSlZSREp6VlV0NFZHTTFUMDR3WnpKWVYxWlBWRkp6YWpOMVNYVmFkR05yUTJWd1dtRmlZMDVFUjBGR2VUZEVDa2M0UVhaSVFVVmtkbXRLYzFCVlJHUlBURE14VUhFd01WUjNaazVtYTJsTldHWXpkQzlQUzFGMVlsQnJhVE5zWTIxTVdtb3hTVWxKT1VaV2JESldSWEFLU2pORGMxWlRaMHR3VldrMVQwUkhXRTl2UmpKVWRUUjBVVkJTVTJ0T1ExY3dNV3B3TUZkNU1taFZVVzFSVWl0clJXeGtRVWxJZFRWNlVVdHlNMFJyV2dwUk1sUXlSVU5KY21GR2N6TjJXV1ZrWm1KdU5XWldjVEJHV1VKUmFERmFMekJ4YTFWaGJFdFlNa1pJWm00MGFraGxTWG95VEhKQllVMUJkejBLTFMwdExTMUZUa1FnUTBWU1ZFbEdTVU5CVkVVdExTMHRMUW89JyAtLWFwaXNlcnZlci1lbmRwb2ludCAnaHR0cHM6Ly82QUMyMjM5OEVCNjczNjJFRDM3QTgzODhEMjlDNUUwQi5ncjcudXMtZWFzdC0yLmVrcy5hbWF6b25hd3MuY29tJyAgLS1rdWJlbGV0LWV4dHJhLWFyZ3MgIiIgJ3RyYWluaW5nLXZwYy0xJwoKIyBBbGxvdyB1c2VyIHN1cHBsaWVkIHVzZXJkYXRhIGNvZGUKZWNobyBmb28gYmFyCg==",
            "vpc_classic_link_id": "",
            "vpc_classic_link_security_groups": null
          },
          "sensitive_attributes": [],
          "private": "bnVsbA==",
          "dependencies": [
            "data.aws_security_group.worker_group_mgmt_one",
            "data.aws_security_group.worker_group_mgmt_two",
            "data.aws_subnet.subnets",
            "data.aws_vpc.vpc",
            "module.eks.aws_cloudwatch_log_group.this",
            "module.eks.aws_eks_cluster.this",
            "module.eks.aws_iam_instance_profile.workers",
            "module.eks.aws_iam_role.cluster",
            "module.eks.aws_iam_role.workers",
            "module.eks.aws_iam_role_policy_attachment.cluster_AmazonEKSClusterPolicy",
            "module.eks.aws_iam_role_policy_attachment.cluster_AmazonEKSServicePolicy",
            "module.eks.aws_iam_role_policy_attachment.cluster_AmazonEKSVPCResourceControllerPolicy",
            "module.eks.aws_iam_role_policy_attachment.workers_AmazonEC2ContainerRegistryReadOnly",
            "module.eks.aws_iam_role_policy_attachment.workers_AmazonEKSWorkerNodePolicy",
            "module.eks.aws_iam_role_policy_attachment.workers_AmazonEKS_CNI_Policy",
            "module.eks.aws_iam_role_policy_attachment.workers_additional_policies",
            "module.eks.aws_security_group.cluster",
            "module.eks.aws_security_group.workers",
            "module.eks.aws_security_group_rule.cluster_egress_internet",
            "module.eks.aws_security_group_rule.cluster_https_worker_ingress",
            "module.eks.aws_security_group_rule.cluster_primary_ingress_workers",
            "module.eks.aws_security_group_rule.workers_egress_internet",
            "module.eks.aws_security_group_rule.workers_ingress_cluster",
            "module.eks.aws_security_group_rule.workers_ingress_cluster_https",
            "module.eks.aws_security_group_rule.workers_ingress_cluster_kubelet",
            "module.eks.aws_security_group_rule.workers_ingress_cluster_primary",
            "module.eks.aws_security_group_rule.workers_ingress_self",
            "module.eks.data.aws_ami.eks_worker",
            "module.eks.data.aws_ami.eks_worker_windows",
            "module.eks.data.aws_iam_instance_profile.custom_worker_group_iam_instance_profile",
            "module.eks.data.aws_iam_policy_document.cluster_assume_role_policy",
            "module.eks.data.aws_iam_policy_document.workers_assume_role_policy",
            "module.eks.data.aws_iam_role.custom_cluster_iam_role",
            "module.eks.data.aws_partition.current",
            "module.eks.data.template_file.userdata"
          ],
          "create_before_destroy": true
        }
      ]
    },
    {
      "module": "module.eks",
      "mode": "managed",
      "type": "aws_security_group",
      "name": "cluster",
      "provider": "provider[\"registry.terraform.io/hashicorp/aws\"]",
      "instances": [
        {
          "index_key": 0,
          "schema_version": 1,
          "attributes": {
            "arn": "arn:aws:ec2:us-east-2:968036092797:security-group/sg-0d129e35201626317",
            "description": "EKS cluster security group.",
            "egress": [],
            "id": "sg-0d129e35201626317",
            "ingress": [],
            "name": "training-vpc-120201214202057464700000004",
            "name_prefix": "training-vpc-1",
            "owner_id": "968036092797",
            "revoke_rules_on_delete": false,
            "tags": {
              "Name": "training-vpc-1-eks_cluster_sg"
            },
            "timeouts": null,
            "vpc_id": "vpc-0eea6ded02cc18b8d"
          },
          "sensitive_attributes": [],
          "private": "eyJlMmJmYjczMC1lY2FhLTExZTYtOGY4OC0zNDM2M2JjN2M0YzAiOnsiY3JlYXRlIjo2MDAwMDAwMDAwMDAsImRlbGV0ZSI6NjAwMDAwMDAwMDAwfSwic2NoZW1hX3ZlcnNpb24iOiIxIn0=",
          "dependencies": [
            "data.aws_vpc.vpc"
          ],
          "create_before_destroy": true
        }
      ]
    },
    {
      "module": "module.eks",
      "mode": "managed",
      "type": "aws_security_group",
      "name": "workers",
      "provider": "provider[\"registry.terraform.io/hashicorp/aws\"]",
      "instances": [
        {
          "index_key": 0,
          "schema_version": 1,
          "attributes": {
            "arn": "arn:aws:ec2:us-east-2:968036092797:security-group/sg-08a1af353a9be2313",
            "description": "Security group for all nodes in the cluster.",
            "egress": [],
            "id": "sg-08a1af353a9be2313",
            "ingress": [],
            "name": "training-vpc-120201214202057464700000003",
            "name_prefix": "training-vpc-1",
            "owner_id": "968036092797",
            "revoke_rules_on_delete": false,
            "tags": {
              "Name": "training-vpc-1-eks_worker_sg",
              "kubernetes.io/cluster/training-vpc-1": "owned"
            },
            "timeouts": null,
            "vpc_id": "vpc-0eea6ded02cc18b8d"
          },
          "sensitive_attributes": [],
          "private": "eyJlMmJmYjczMC1lY2FhLTExZTYtOGY4OC0zNDM2M2JjN2M0YzAiOnsiY3JlYXRlIjo2MDAwMDAwMDAwMDAsImRlbGV0ZSI6NjAwMDAwMDAwMDAwfSwic2NoZW1hX3ZlcnNpb24iOiIxIn0=",
          "dependencies": [
            "data.aws_vpc.vpc"
          ],
          "create_before_destroy": true
        }
      ]
    },
    {
      "module": "module.eks",
      "mode": "managed",
      "type": "aws_security_group_rule",
      "name": "cluster_egress_internet",
      "provider": "provider[\"registry.terraform.io/hashicorp/aws\"]",
      "instances": [
        {
          "index_key": 0,
          "schema_version": 2,
          "attributes": {
            "cidr_blocks": [
              "0.0.0.0/0"
            ],
            "description": "Allow cluster egress access to the Internet.",
            "from_port": 0,
            "id": "sgrule-1037460576",
            "ipv6_cidr_blocks": null,
            "prefix_list_ids": null,
            "protocol": "-1",
            "security_group_id": "sg-0d129e35201626317",
            "self": false,
            "source_security_group_id": null,
            "to_port": 0,
            "type": "egress"
          },
          "sensitive_attributes": [],
          "private": "eyJzY2hlbWFfdmVyc2lvbiI6IjIifQ==",
          "dependencies": [
            "data.aws_vpc.vpc",
            "module.eks.aws_security_group.cluster"
          ],
          "create_before_destroy": true
        }
      ]
    },
    {
      "module": "module.eks",
      "mode": "managed",
      "type": "aws_security_group_rule",
      "name": "cluster_https_worker_ingress",
      "provider": "provider[\"registry.terraform.io/hashicorp/aws\"]",
      "instances": [
        {
          "index_key": 0,
          "schema_version": 2,
          "attributes": {
            "cidr_blocks": null,
            "description": "Allow pods to communicate with the EKS cluster API.",
            "from_port": 443,
            "id": "sgrule-1636736043",
            "ipv6_cidr_blocks": null,
            "prefix_list_ids": null,
            "protocol": "tcp",
            "security_group_id": "sg-0d129e35201626317",
            "self": false,
            "source_security_group_id": "sg-08a1af353a9be2313",
            "to_port": 443,
            "type": "ingress"
          },
          "sensitive_attributes": [],
          "private": "eyJzY2hlbWFfdmVyc2lvbiI6IjIifQ==",
          "dependencies": [
            "data.aws_vpc.vpc",
            "module.eks.aws_security_group.cluster",
            "module.eks.aws_security_group.workers"
          ],
          "create_before_destroy": true
        }
      ]
    },
    {
      "module": "module.eks",
      "mode": "managed",
      "type": "aws_security_group_rule",
      "name": "workers_egress_internet",
      "provider": "provider[\"registry.terraform.io/hashicorp/aws\"]",
      "instances": [
        {
          "index_key": 0,
          "schema_version": 2,
          "attributes": {
            "cidr_blocks": [
              "0.0.0.0/0"
            ],
            "description": "Allow nodes all egress to the Internet.",
            "from_port": 0,
            "id": "sgrule-3732978496",
            "ipv6_cidr_blocks": null,
            "prefix_list_ids": null,
            "protocol": "-1",
            "security_group_id": "sg-08a1af353a9be2313",
            "self": false,
            "source_security_group_id": null,
            "to_port": 0,
            "type": "egress"
          },
          "sensitive_attributes": [],
          "private": "eyJzY2hlbWFfdmVyc2lvbiI6IjIifQ==",
          "dependencies": [
            "data.aws_vpc.vpc",
            "module.eks.aws_security_group.workers"
          ],
          "create_before_destroy": true
        }
      ]
    },
    {
      "module": "module.eks",
      "mode": "managed",
      "type": "aws_security_group_rule",
      "name": "workers_ingress_cluster",
      "provider": "provider[\"registry.terraform.io/hashicorp/aws\"]",
      "instances": [
        {
          "index_key": 0,
          "schema_version": 2,
          "attributes": {
            "cidr_blocks": null,
            "description": "Allow workers pods to receive communication from the cluster control plane.",
            "from_port": 1025,
            "id": "sgrule-335600422",
            "ipv6_cidr_blocks": null,
            "prefix_list_ids": null,
            "protocol": "tcp",
            "security_group_id": "sg-08a1af353a9be2313",
            "self": false,
            "source_security_group_id": "sg-0d129e35201626317",
            "to_port": 65535,
            "type": "ingress"
          },
          "sensitive_attributes": [],
          "private": "eyJzY2hlbWFfdmVyc2lvbiI6IjIifQ==",
          "dependencies": [
            "data.aws_vpc.vpc",
            "module.eks.aws_security_group.cluster",
            "module.eks.aws_security_group.workers"
          ],
          "create_before_destroy": true
        }
      ]
    },
    {
      "module": "module.eks",
      "mode": "managed",
      "type": "aws_security_group_rule",
      "name": "workers_ingress_cluster_https",
      "provider": "provider[\"registry.terraform.io/hashicorp/aws\"]",
      "instances": [
        {
          "index_key": 0,
          "schema_version": 2,
          "attributes": {
            "cidr_blocks": null,
            "description": "Allow pods running extension API servers on port 443 to receive communication from cluster control plane.",
            "from_port": 443,
            "id": "sgrule-2048610653",
            "ipv6_cidr_blocks": null,
            "prefix_list_ids": null,
            "protocol": "tcp",
            "security_group_id": "sg-08a1af353a9be2313",
            "self": false,
            "source_security_group_id": "sg-0d129e35201626317",
            "to_port": 443,
            "type": "ingress"
          },
          "sensitive_attributes": [],
          "private": "eyJzY2hlbWFfdmVyc2lvbiI6IjIifQ==",
          "dependencies": [
            "data.aws_vpc.vpc",
            "module.eks.aws_security_group.cluster",
            "module.eks.aws_security_group.workers"
          ],
          "create_before_destroy": true
        }
      ]
    },
    {
      "module": "module.eks",
      "mode": "managed",
      "type": "aws_security_group_rule",
      "name": "workers_ingress_self",
      "provider": "provider[\"registry.terraform.io/hashicorp/aws\"]",
      "instances": [
        {
          "index_key": 0,
          "schema_version": 2,
          "attributes": {
            "cidr_blocks": null,
            "description": "Allow node to communicate with each other.",
            "from_port": 0,
            "id": "sgrule-265006664",
            "ipv6_cidr_blocks": null,
            "prefix_list_ids": null,
            "protocol": "-1",
            "security_group_id": "sg-08a1af353a9be2313",
            "self": false,
            "source_security_group_id": "sg-08a1af353a9be2313",
            "to_port": 65535,
            "type": "ingress"
          },
          "sensitive_attributes": [],
          "private": "eyJzY2hlbWFfdmVyc2lvbiI6IjIifQ==",
          "dependencies": [
            "data.aws_vpc.vpc",
            "module.eks.aws_security_group.workers"
          ],
          "create_before_destroy": true
        }
      ]
    },
    {
      "module": "module.eks",
      "mode": "managed",
      "type": "kubernetes_config_map",
      "name": "aws_auth",
      "provider": "provider[\"registry.terraform.io/hashicorp/kubernetes\"]",
      "instances": [
        {
          "index_key": 0,
          "schema_version": 0,
          "attributes": {
            "binary_data": null,
            "data": {
              "mapAccounts": "[]\n",
              "mapRoles": "- \"groups\":\n  - \"system:bootstrappers\"\n  - \"system:nodes\"\n  \"rolearn\": \"arn:aws:iam::968036092797:role/training-vpc-120201214203323512200000009\"\n  \"username\": \"system:node:{{EC2PrivateDNSName}}\"\n",
              "mapUsers": "[]\n"
            },
            "id": "kube-system/aws-auth",
            "metadata": [
              {
                "annotations": null,
                "generate_name": "",
                "generation": 0,
                "labels": {
                  "app.kubernetes.io/managed-by": "Terraform",
                  "terraform.io/module": "terraform-aws-modules.eks.aws"
                },
                "name": "aws-auth",
                "namespace": "kube-system",
                "resource_version": "751",
                "self_link": "/api/v1/namespaces/kube-system/configmaps/aws-auth",
                "uid": "77a2f49b-9b85-4f09-a572-c9f249dc110d"
              }
            ]
          },
          "sensitive_attributes": [],
          "private": "bnVsbA==",
          "dependencies": [
            "data.aws_eks_cluster.cluster",
            "data.aws_eks_cluster_auth.cluster",
            "data.aws_security_group.worker_group_mgmt_one",
            "data.aws_security_group.worker_group_mgmt_two",
            "data.aws_subnet.subnets",
            "data.aws_vpc.vpc",
            "module.eks.aws_cloudwatch_log_group.this",
            "module.eks.aws_eks_cluster.this",
            "module.eks.aws_iam_instance_profile.workers",
            "module.eks.aws_iam_instance_profile.workers_launch_template",
            "module.eks.aws_iam_role.cluster",
            "module.eks.aws_iam_role.workers",
            "module.eks.aws_iam_role_policy_attachment.cluster_AmazonEKSClusterPolicy",
            "module.eks.aws_iam_role_policy_attachment.cluster_AmazonEKSServicePolicy",
            "module.eks.aws_iam_role_policy_attachment.cluster_AmazonEKSVPCResourceControllerPolicy",
            "module.eks.aws_security_group.cluster",
            "module.eks.aws_security_group.workers",
            "module.eks.aws_security_group_rule.cluster_egress_internet",
            "module.eks.aws_security_group_rule.cluster_https_worker_ingress",
            "module.eks.aws_security_group_rule.cluster_private_access",
            "module.eks.data.aws_ami.eks_worker",
            "module.eks.data.aws_caller_identity.current",
            "module.eks.data.aws_iam_instance_profile.custom_worker_group_iam_instance_profile",
            "module.eks.data.aws_iam_instance_profile.custom_worker_group_launch_template_iam_instance_profile",
            "module.eks.data.aws_iam_policy_document.cluster_assume_role_policy",
            "module.eks.data.aws_iam_policy_document.workers_assume_role_policy",
            "module.eks.data.aws_iam_role.custom_cluster_iam_role",
            "module.eks.data.aws_partition.current",
            "module.eks.module.fargate.aws_iam_role.eks_fargate_pod",
            "module.eks.module.fargate.data.aws_iam_role.custom_fargate_iam_role",
            "module.eks.null_resource.wait_for_cluster"
          ]
        }
      ]
    },
    {
      "module": "module.eks",
      "mode": "managed",
      "type": "local_file",
      "name": "kubeconfig",
      "provider": "provider[\"registry.terraform.io/hashicorp/local\"]",
      "instances": [
        {
          "index_key": 0,
          "schema_version": 0,
          "attributes": {
            "content": "apiVersion: v1\npreferences: {}\nkind: Config\n\nclusters:\n- cluster:\n    server: https://6AC22398EB67362ED37A8388D29C5E0B.gr7.us-east-2.eks.amazonaws.com\n    certificate-authority-data: LS0tLS1CRUdJTiBDRVJUSUZJQ0FURS0tLS0tCk1JSUN5RENDQWJDZ0F3SUJBZ0lCQURBTkJna3Foa2lHOXcwQkFRc0ZBREFWTVJNd0VRWURWUVFERXdwcmRXSmwKY201bGRHVnpNQjRYRFRJd01USXhOREl3TWpreE9Gb1hEVE13TVRJeE1qSXdNamt4T0Zvd0ZURVRNQkVHQTFVRQpBeE1LYTNWaVpYSnVaWFJsY3pDQ0FTSXdEUVlKS29aSWh2Y05BUUVCQlFBRGdnRVBBRENDQVFvQ2dnRUJBUEFwCkJTeENic2QzWExQOTdOU0ZVV09BYnZiYUxuWjFJR3UxMWxQVmFHdUhlLzhRMXNLRnl4ajVyYkZQcUFKbjZ0RHgKNk9iNmlhdGV1QVlnblliL2prZEowdTB4UmJtRWUvTUd1YXdYcXNNaFpacU02VjBMeW9RSWJIaDA4OGlqSGxHbQp3ODBtNVNBb0ttUS92cEF2bGdBZDIwV25pSWlPT3Q2c2V0WXQzTUFTS3JEUWw0eTFNOVh4L2tLb0c0RVNPVjNuCmd4eVd0RUsvb2oyajJ2QWgwZy9vQTVtZzByaFJpRy9aZ3lqeWJjSGdUb2NDaXFzSjNqK2VWMnUwSWNYZzVMTFEKTFlUZnp3WlBzRFgzOVR4R2t2aHIwY3BXOXNIUVVmOXhXa25UQng1N3dQdFZ3WVFSZ3oxQkhQRE5TRGwyTEJ3TQp4Y3IzMDdPVkJENVRGTWpHSVJzQ0F3RUFBYU1qTUNFd0RnWURWUjBQQVFIL0JBUURBZ0trTUE4R0ExVWRFd0VCCi93UUZNQU1CQWY4d0RRWUpLb1pJaHZjTkFRRUxCUUFEZ2dFQkFKcEpTOGFEOWdFM2J5OFU1T2JlWjVUV3V1dzYKamdqcUc3NEt4ck52b0VRcjU5cExFMlVzTTNMTVplNFpUK3V4RlBhckVMZGFkNlBZU0hVMGVTOTZPcElxK0hZZApSZk9JTGZ6RVdKZGlpMHhvekJVRDJzVUt4VGM1T04wZzJYV1ZPVFJzajN1SXVadGNrQ2VwWmFiY05ER0FGeTdECkc4QXZIQUVkdmtKc1BVRGRPTDMxUHEwMVR3Zk5ma2lNWGYzdC9PS1F1YlBraTNsY21MWmoxSUlJOUZWbDJWRXAKSjNDc1ZTZ0twVWk1T0RHWE9vRjJUdTR0UVBSU2tOQ1cwMWpwMFd5MmhVUW1RUitrRWxkQUlIdTV6UUtyM0RrWgpRMlQyRUNJcmFGczN2WWVkZmJuNWZWcTBGWUJRaDFaLzBxa1VhbEtYMkZIZm40akhlSXoyTHJBYU1Bdz0KLS0tLS1FTkQgQ0VSVElGSUNBVEUtLS0tLQo=\n  name: eks_training-vpc-1\n\ncontexts:\n- context:\n    cluster: eks_training-vpc-1\n    user: eks_training-vpc-1\n  name: eks_training-vpc-1\n\ncurrent-context: eks_training-vpc-1\n\nusers:\n- name: eks_training-vpc-1\n  user:\n    exec:\n      apiVersion: client.authentication.k8s.io/v1alpha1\n      command: aws-iam-authenticator\n      args:\n        - \"token\"\n        - \"-i\"\n        - \"training-vpc-1\"\n",
            "content_base64": null,
            "directory_permission": "0755",
            "file_permission": "0644",
            "filename": "./kubeconfig_training-vpc-1",
            "id": "e188d88ac2ae14fe2f11b9d41f67150e604b06b2",
            "sensitive_content": null,
            "source": null
          },
          "sensitive_attributes": [],
          "private": "bnVsbA==",
          "dependencies": [
            "data.aws_subnet.subnets",
            "data.aws_vpc.vpc",
            "module.eks.aws_cloudwatch_log_group.this",
            "module.eks.aws_eks_cluster.this",
            "module.eks.aws_iam_role.cluster",
            "module.eks.aws_iam_role_policy_attachment.cluster_AmazonEKSClusterPolicy",
            "module.eks.aws_iam_role_policy_attachment.cluster_AmazonEKSServicePolicy",
            "module.eks.aws_iam_role_policy_attachment.cluster_AmazonEKSVPCResourceControllerPolicy",
            "module.eks.aws_security_group.cluster",
            "module.eks.aws_security_group.workers",
            "module.eks.aws_security_group_rule.cluster_egress_internet",
            "module.eks.aws_security_group_rule.cluster_https_worker_ingress",
            "module.eks.data.aws_iam_policy_document.cluster_assume_role_policy",
            "module.eks.data.aws_iam_role.custom_cluster_iam_role",
            "module.eks.data.aws_partition.current"
          ]
        }
      ]
    },
    {
      "module": "module.eks",
      "mode": "managed",
      "type": "null_resource",
      "name": "wait_for_cluster",
      "provider": "provider[\"registry.terraform.io/hashicorp/null\"]",
      "instances": [
        {
          "index_key": 0,
          "schema_version": 0,
          "attributes": {
            "id": "6316379044521560634",
            "triggers": null
          },
          "sensitive_attributes": [],
          "private": "bnVsbA==",
          "dependencies": [
            "data.aws_subnet.subnets",
            "data.aws_vpc.vpc",
            "module.eks.aws_cloudwatch_log_group.this",
            "module.eks.aws_eks_cluster.this",
            "module.eks.aws_iam_role.cluster",
            "module.eks.aws_iam_role_policy_attachment.cluster_AmazonEKSClusterPolicy",
            "module.eks.aws_iam_role_policy_attachment.cluster_AmazonEKSServicePolicy",
            "module.eks.aws_iam_role_policy_attachment.cluster_AmazonEKSVPCResourceControllerPolicy",
            "module.eks.aws_security_group.cluster",
            "module.eks.aws_security_group.workers",
            "module.eks.aws_security_group_rule.cluster_egress_internet",
            "module.eks.aws_security_group_rule.cluster_https_worker_ingress",
            "module.eks.aws_security_group_rule.cluster_private_access",
            "module.eks.data.aws_iam_policy_document.cluster_assume_role_policy",
            "module.eks.data.aws_iam_role.custom_cluster_iam_role",
            "module.eks.data.aws_partition.current"
          ]
        }
      ]
    },
    {
      "module": "module.eks",
      "mode": "managed",
      "type": "random_pet",
      "name": "workers",
      "provider": "provider[\"registry.terraform.io/hashicorp/random\"]",
      "instances": [
        {
          "index_key": 0,
          "schema_version": 0,
          "attributes": {
            "id": "innocent-llama",
            "keepers": {
              "lc_name": "training-vpc-1-worker_group_120201214203325539200000010"
            },
            "length": 2,
            "prefix": null,
            "separator": "-"
          },
          "sensitive_attributes": [],
          "private": "bnVsbA==",
          "dependencies": [
            "data.aws_security_group.worker_group_mgmt_one",
            "data.aws_security_group.worker_group_mgmt_two",
            "data.aws_subnet.subnets",
            "data.aws_vpc.vpc",
            "module.eks.aws_cloudwatch_log_group.this",
            "module.eks.aws_eks_cluster.this",
            "module.eks.aws_iam_instance_profile.workers",
            "module.eks.aws_iam_role.cluster",
            "module.eks.aws_iam_role.workers",
            "module.eks.aws_iam_role_policy_attachment.cluster_AmazonEKSClusterPolicy",
            "module.eks.aws_iam_role_policy_attachment.cluster_AmazonEKSServicePolicy",
            "module.eks.aws_iam_role_policy_attachment.cluster_AmazonEKSVPCResourceControllerPolicy",
            "module.eks.aws_iam_role_policy_attachment.workers_AmazonEC2ContainerRegistryReadOnly",
            "module.eks.aws_iam_role_policy_attachment.workers_AmazonEKSWorkerNodePolicy",
            "module.eks.aws_iam_role_policy_attachment.workers_AmazonEKS_CNI_Policy",
            "module.eks.aws_iam_role_policy_attachment.workers_additional_policies",
            "module.eks.aws_launch_configuration.workers",
            "module.eks.aws_security_group.cluster",
            "module.eks.aws_security_group.workers",
            "module.eks.aws_security_group_rule.cluster_egress_internet",
            "module.eks.aws_security_group_rule.cluster_https_worker_ingress",
            "module.eks.aws_security_group_rule.cluster_primary_ingress_workers",
            "module.eks.aws_security_group_rule.workers_egress_internet",
            "module.eks.aws_security_group_rule.workers_ingress_cluster",
            "module.eks.aws_security_group_rule.workers_ingress_cluster_https",
            "module.eks.aws_security_group_rule.workers_ingress_cluster_kubelet",
            "module.eks.aws_security_group_rule.workers_ingress_cluster_primary",
            "module.eks.aws_security_group_rule.workers_ingress_self",
            "module.eks.data.aws_ami.eks_worker",
            "module.eks.data.aws_ami.eks_worker_windows",
            "module.eks.data.aws_iam_instance_profile.custom_worker_group_iam_instance_profile",
            "module.eks.data.aws_iam_policy_document.cluster_assume_role_policy",
            "module.eks.data.aws_iam_policy_document.workers_assume_role_policy",
            "module.eks.data.aws_iam_role.custom_cluster_iam_role",
            "module.eks.data.aws_partition.current",
            "module.eks.data.template_file.userdata"
          ],
          "create_before_destroy": true
        },
        {
          "index_key": 1,
          "schema_version": 0,
          "attributes": {
            "id": "present-mackerel",
            "keepers": {
              "lc_name": "training-vpc-1-workder_group_22020121420332552660000000f"
            },
            "length": 2,
            "prefix": null,
            "separator": "-"
          },
          "sensitive_attributes": [],
          "private": "bnVsbA==",
          "dependencies": [
            "data.aws_security_group.worker_group_mgmt_one",
            "data.aws_security_group.worker_group_mgmt_two",
            "data.aws_subnet.subnets",
            "data.aws_vpc.vpc",
            "module.eks.aws_cloudwatch_log_group.this",
            "module.eks.aws_eks_cluster.this",
            "module.eks.aws_iam_instance_profile.workers",
            "module.eks.aws_iam_role.cluster",
            "module.eks.aws_iam_role.workers",
            "module.eks.aws_iam_role_policy_attachment.cluster_AmazonEKSClusterPolicy",
            "module.eks.aws_iam_role_policy_attachment.cluster_AmazonEKSServicePolicy",
            "module.eks.aws_iam_role_policy_attachment.cluster_AmazonEKSVPCResourceControllerPolicy",
            "module.eks.aws_iam_role_policy_attachment.workers_AmazonEC2ContainerRegistryReadOnly",
            "module.eks.aws_iam_role_policy_attachment.workers_AmazonEKSWorkerNodePolicy",
            "module.eks.aws_iam_role_policy_attachment.workers_AmazonEKS_CNI_Policy",
            "module.eks.aws_iam_role_policy_attachment.workers_additional_policies",
            "module.eks.aws_launch_configuration.workers",
            "module.eks.aws_security_group.cluster",
            "module.eks.aws_security_group.workers",
            "module.eks.aws_security_group_rule.cluster_egress_internet",
            "module.eks.aws_security_group_rule.cluster_https_worker_ingress",
            "module.eks.aws_security_group_rule.cluster_primary_ingress_workers",
            "module.eks.aws_security_group_rule.workers_egress_internet",
            "module.eks.aws_security_group_rule.workers_ingress_cluster",
            "module.eks.aws_security_group_rule.workers_ingress_cluster_https",
            "module.eks.aws_security_group_rule.workers_ingress_cluster_kubelet",
            "module.eks.aws_security_group_rule.workers_ingress_cluster_primary",
            "module.eks.aws_security_group_rule.workers_ingress_self",
            "module.eks.data.aws_ami.eks_worker",
            "module.eks.data.aws_ami.eks_worker_windows",
            "module.eks.data.aws_iam_instance_profile.custom_worker_group_iam_instance_profile",
            "module.eks.data.aws_iam_policy_document.cluster_assume_role_policy",
            "module.eks.data.aws_iam_policy_document.workers_assume_role_policy",
            "module.eks.data.aws_iam_role.custom_cluster_iam_role",
            "module.eks.data.aws_partition.current",
            "module.eks.data.template_file.userdata"
          ],
          "create_before_destroy": true
        }
      ]
    }
  ]
}
