{
  "version": 4,
  "terraform_version": "0.14.2",
  "serial": 21,
  "lineage": "90d381e9-d943-ab0d-cbe7-38d1c91b2043",
  "outputs": {
    "region": {
      "value": "us-east-2",
      "type": "string"
    },
    "vpc": {
      "value": {
        "azs": [
          "us-east-2a",
          "us-east-2b",
          "us-east-2c"
        ],
        "cgw_arns": [],
        "cgw_ids": [],
        "database_internet_gateway_route_id": "",
        "database_ipv6_egress_route_id": "",
        "database_nat_gateway_route_ids": [],
        "database_network_acl_arn": "",
        "database_network_acl_id": "",
        "database_route_table_association_ids": [],
        "database_route_table_ids": [
          "rtb-062ea58400e015675"
        ],
        "database_subnet_arns": [],
        "database_subnet_group": "",
        "database_subnets": [],
        "database_subnets_cidr_blocks": [],
        "database_subnets_ipv6_cidr_blocks": [],
        "default_network_acl_id": "acl-0b48dfbc396f7b8a7",
        "default_route_table_id": "rtb-0931d87f70ade5f44",
        "default_security_group_id": "sg-00d392fd3f531dcb6",
        "default_vpc_arn": "",
        "default_vpc_cidr_block": "",
        "default_vpc_default_network_acl_id": "",
        "default_vpc_default_route_table_id": "",
        "default_vpc_default_security_group_id": "",
        "default_vpc_enable_dns_hostnames": "",
        "default_vpc_enable_dns_support": "",
        "default_vpc_id": "",
        "default_vpc_instance_tenancy": "",
        "default_vpc_main_route_table_id": "",
        "egress_only_internet_gateway_id": "",
        "elasticache_network_acl_arn": "",
        "elasticache_network_acl_id": "",
        "elasticache_route_table_association_ids": [],
        "elasticache_route_table_ids": [
          "rtb-062ea58400e015675"
        ],
        "elasticache_subnet_arns": [],
        "elasticache_subnet_group": "",
        "elasticache_subnet_group_name": "",
        "elasticache_subnets": [],
        "elasticache_subnets_cidr_blocks": [],
        "elasticache_subnets_ipv6_cidr_blocks": [],
        "igw_arn": "arn:aws:ec2:us-east-2:968036092797:internet-gateway/igw-0516d040e4a6f5062",
        "igw_id": "igw-0516d040e4a6f5062",
        "intra_network_acl_arn": "",
        "intra_network_acl_id": "",
        "intra_route_table_association_ids": [],
        "intra_route_table_ids": [],
        "intra_subnet_arns": [],
        "intra_subnets": [],
        "intra_subnets_cidr_blocks": [],
        "intra_subnets_ipv6_cidr_blocks": [],
        "name": "training-vpc",
        "nat_ids": [
          "eipalloc-02723c0650ee64be9"
        ],
        "nat_public_ips": [
          "18.217.146.104"
        ],
        "natgw_ids": [
          "nat-0bed36293cd2bfe1d"
        ],
        "private_ipv6_egress_route_ids": [],
        "private_nat_gateway_route_ids": [
          "r-rtb-062ea58400e0156751080289494"
        ],
        "private_network_acl_arn": "",
        "private_network_acl_id": "",
        "private_route_table_association_ids": [
          "rtbassoc-077841f0d0642dfc9",
          "rtbassoc-064b8b5a1f9aa04b2",
          "rtbassoc-049d5144fc50bceea"
        ],
        "private_route_table_ids": [
          "rtb-062ea58400e015675"
        ],
        "private_subnet_arns": [
          "arn:aws:ec2:us-east-2:968036092797:subnet/subnet-098b4ff86fffbffc9",
          "arn:aws:ec2:us-east-2:968036092797:subnet/subnet-02be000bc8bb8f115",
          "arn:aws:ec2:us-east-2:968036092797:subnet/subnet-0c5ce95aad4ea8e0c"
        ],
        "private_subnets": [
          "subnet-098b4ff86fffbffc9",
          "subnet-02be000bc8bb8f115",
          "subnet-0c5ce95aad4ea8e0c"
        ],
        "private_subnets_cidr_blocks": [
          "10.0.4.0/24",
          "10.0.5.0/24",
          "10.0.6.0/24"
        ],
        "private_subnets_ipv6_cidr_blocks": [
          null,
          null,
          null
        ],
        "public_internet_gateway_ipv6_route_id": "",
        "public_internet_gateway_route_id": "r-rtb-00c2b4e4ee0cfcfa51080289494",
        "public_network_acl_arn": "",
        "public_network_acl_id": "",
        "public_route_table_association_ids": [
          "rtbassoc-0913f354680d8b90b",
          "rtbassoc-00df0e79d6db149e8",
          "rtbassoc-0c8b78563214f1887"
        ],
        "public_route_table_ids": [
          "rtb-00c2b4e4ee0cfcfa5"
        ],
        "public_subnet_arns": [
          "arn:aws:ec2:us-east-2:968036092797:subnet/subnet-04c9c5381584ffeae",
          "arn:aws:ec2:us-east-2:968036092797:subnet/subnet-04d8315801ba4470f",
          "arn:aws:ec2:us-east-2:968036092797:subnet/subnet-08cc876848ade1fc1"
        ],
        "public_subnets": [
          "subnet-04c9c5381584ffeae",
          "subnet-04d8315801ba4470f",
          "subnet-08cc876848ade1fc1"
        ],
        "public_subnets_cidr_blocks": [
          "10.0.1.0/24",
          "10.0.2.0/24",
          "10.0.3.0/24"
        ],
        "public_subnets_ipv6_cidr_blocks": [
          null,
          null,
          null
        ],
        "redshift_network_acl_arn": "",
        "redshift_network_acl_id": "",
        "redshift_public_route_table_association_ids": [],
        "redshift_route_table_association_ids": [],
        "redshift_route_table_ids": [
          "rtb-062ea58400e015675"
        ],
        "redshift_subnet_arns": [],
        "redshift_subnet_group": "",
        "redshift_subnets": [],
        "redshift_subnets_cidr_blocks": [],
        "redshift_subnets_ipv6_cidr_blocks": [],
        "this_customer_gateway": {},
        "vgw_arn": "",
        "vgw_id": "",
        "vpc_arn": "arn:aws:ec2:us-east-2:968036092797:vpc/vpc-0eea6ded02cc18b8d",
        "vpc_cidr_block": "10.0.0.0/16",
        "vpc_enable_dns_hostnames": true,
        "vpc_enable_dns_support": true,
        "vpc_endpoint_access_analyzer_dns_entry": [],
        "vpc_endpoint_access_analyzer_id": "",
        "vpc_endpoint_access_analyzer_network_interface_ids": [],
        "vpc_endpoint_acm_pca_dns_entry": [],
        "vpc_endpoint_acm_pca_id": "",
        "vpc_endpoint_acm_pca_network_interface_ids": [],
        "vpc_endpoint_apigw_dns_entry": [],
        "vpc_endpoint_apigw_id": "",
        "vpc_endpoint_apigw_network_interface_ids": [],
        "vpc_endpoint_appmesh_envoy_management_dns_entry": [],
        "vpc_endpoint_appmesh_envoy_management_id": "",
        "vpc_endpoint_appmesh_envoy_management_network_interface_ids": [],
        "vpc_endpoint_appstream_api_dns_entry": [],
        "vpc_endpoint_appstream_api_id": "",
        "vpc_endpoint_appstream_api_network_interface_ids": [],
        "vpc_endpoint_appstream_streaming_dns_entry": [],
        "vpc_endpoint_appstream_streaming_id": "",
        "vpc_endpoint_appstream_streaming_network_interface_ids": [],
        "vpc_endpoint_athena_dns_entry": [],
        "vpc_endpoint_athena_id": "",
        "vpc_endpoint_athena_network_interface_ids": [],
        "vpc_endpoint_auto_scaling_plans_dns_entry": [],
        "vpc_endpoint_auto_scaling_plans_id": "",
        "vpc_endpoint_auto_scaling_plans_network_interface_ids": [],
        "vpc_endpoint_cloud_directory_dns_entry": [],
        "vpc_endpoint_cloud_directory_id": "",
        "vpc_endpoint_cloud_directory_network_interface_ids": [],
        "vpc_endpoint_cloudformation_dns_entry": [],
        "vpc_endpoint_cloudformation_id": "",
        "vpc_endpoint_cloudformation_network_interface_ids": [],
        "vpc_endpoint_cloudtrail_dns_entry": [],
        "vpc_endpoint_cloudtrail_id": "",
        "vpc_endpoint_cloudtrail_network_interface_ids": [],
        "vpc_endpoint_codeartifact_api_dns_entry": [],
        "vpc_endpoint_codeartifact_api_id": "",
        "vpc_endpoint_codeartifact_api_network_interface_ids": [],
        "vpc_endpoint_codeartifact_repositories_dns_entry": [],
        "vpc_endpoint_codeartifact_repositories_id": "",
        "vpc_endpoint_codeartifact_repositories_network_interface_ids": [],
        "vpc_endpoint_codebuild_dns_entry": [],
        "vpc_endpoint_codebuild_id": "",
        "vpc_endpoint_codebuild_network_interface_ids": [],
        "vpc_endpoint_codecommit_dns_entry": [],
        "vpc_endpoint_codecommit_id": "",
        "vpc_endpoint_codecommit_network_interface_ids": [],
        "vpc_endpoint_codepipeline_dns_entry": [],
        "vpc_endpoint_codepipeline_id": "",
        "vpc_endpoint_codepipeline_network_interface_ids": [],
        "vpc_endpoint_config_dns_entry": [],
        "vpc_endpoint_config_id": "",
        "vpc_endpoint_config_network_interface_ids": [],
        "vpc_endpoint_datasync_dns_entry": [],
        "vpc_endpoint_datasync_id": "",
        "vpc_endpoint_datasync_network_interface_ids": [],
        "vpc_endpoint_dynamodb_id": "",
        "vpc_endpoint_dynamodb_pl_id": "",
        "vpc_endpoint_ebs_dns_entry": [],
        "vpc_endpoint_ebs_id": "",
        "vpc_endpoint_ebs_network_interface_ids": [],
        "vpc_endpoint_ec2_autoscaling_dns_entry": [],
        "vpc_endpoint_ec2_autoscaling_id": "",
        "vpc_endpoint_ec2_autoscaling_network_interface_ids": [],
        "vpc_endpoint_ec2_dns_entry": [],
        "vpc_endpoint_ec2_id": "",
        "vpc_endpoint_ec2_network_interface_ids": [],
        "vpc_endpoint_ec2messages_dns_entry": [],
        "vpc_endpoint_ec2messages_id": "",
        "vpc_endpoint_ec2messages_network_interface_ids": [],
        "vpc_endpoint_ecr_api_dns_entry": [],
        "vpc_endpoint_ecr_api_id": "",
        "vpc_endpoint_ecr_api_network_interface_ids": [],
        "vpc_endpoint_ecr_dkr_dns_entry": [],
        "vpc_endpoint_ecr_dkr_id": "",
        "vpc_endpoint_ecr_dkr_network_interface_ids": [],
        "vpc_endpoint_ecs_agent_dns_entry": [],
        "vpc_endpoint_ecs_agent_id": "",
        "vpc_endpoint_ecs_agent_network_interface_ids": [],
        "vpc_endpoint_ecs_dns_entry": [],
        "vpc_endpoint_ecs_id": "",
        "vpc_endpoint_ecs_network_interface_ids": [],
        "vpc_endpoint_ecs_telemetry_dns_entry": [],
        "vpc_endpoint_ecs_telemetry_id": "",
        "vpc_endpoint_ecs_telemetry_network_interface_ids": [],
        "vpc_endpoint_efs_dns_entry": [],
        "vpc_endpoint_efs_id": "",
        "vpc_endpoint_efs_network_interface_ids": [],
        "vpc_endpoint_elastic_inference_runtime_dns_entry": [],
        "vpc_endpoint_elastic_inference_runtime_id": "",
        "vpc_endpoint_elastic_inference_runtime_network_interface_ids": [],
        "vpc_endpoint_elasticbeanstalk_dns_entry": [],
        "vpc_endpoint_elasticbeanstalk_health_dns_entry": [],
        "vpc_endpoint_elasticbeanstalk_health_id": "",
        "vpc_endpoint_elasticbeanstalk_health_network_interface_ids": [],
        "vpc_endpoint_elasticbeanstalk_id": "",
        "vpc_endpoint_elasticbeanstalk_network_interface_ids": [],
        "vpc_endpoint_elasticloadbalancing_dns_entry": [],
        "vpc_endpoint_elasticloadbalancing_id": "",
        "vpc_endpoint_elasticloadbalancing_network_interface_ids": [],
        "vpc_endpoint_elasticmapreduce_dns_entry": [],
        "vpc_endpoint_elasticmapreduce_id": "",
        "vpc_endpoint_elasticmapreduce_network_interface_ids": [],
        "vpc_endpoint_events_dns_entry": [],
        "vpc_endpoint_events_id": "",
        "vpc_endpoint_events_network_interface_ids": [],
        "vpc_endpoint_git_codecommit_dns_entry": [],
        "vpc_endpoint_git_codecommit_id": "",
        "vpc_endpoint_git_codecommit_network_interface_ids": [],
        "vpc_endpoint_glue_dns_entry": [],
        "vpc_endpoint_glue_id": "",
        "vpc_endpoint_glue_network_interface_ids": [],
        "vpc_endpoint_kinesis_firehose_dns_entry": [],
        "vpc_endpoint_kinesis_firehose_id": "",
        "vpc_endpoint_kinesis_firehose_network_interface_ids": [],
        "vpc_endpoint_kinesis_streams_dns_entry": [],
        "vpc_endpoint_kinesis_streams_id": "",
        "vpc_endpoint_kinesis_streams_network_interface_ids": [],
        "vpc_endpoint_kms_dns_entry": [],
        "vpc_endpoint_kms_id": "",
        "vpc_endpoint_kms_network_interface_ids": [],
        "vpc_endpoint_lambda_dns_entry": [],
        "vpc_endpoint_lambda_id": "",
        "vpc_endpoint_lambda_network_interface_ids": [],
        "vpc_endpoint_logs_dns_entry": [],
        "vpc_endpoint_logs_id": "",
        "vpc_endpoint_logs_network_interface_ids": [],
        "vpc_endpoint_monitoring_dns_entry": [],
        "vpc_endpoint_monitoring_id": "",
        "vpc_endpoint_monitoring_network_interface_ids": [],
        "vpc_endpoint_qldb_session_dns_entry": [],
        "vpc_endpoint_qldb_session_id": "",
        "vpc_endpoint_qldb_session_network_interface_ids": [],
        "vpc_endpoint_rekognition_dns_entry": [],
        "vpc_endpoint_rekognition_id": "",
        "vpc_endpoint_rekognition_network_interface_ids": [],
        "vpc_endpoint_s3_id": "",
        "vpc_endpoint_s3_pl_id": "",
        "vpc_endpoint_sagemaker_api_dns_entry": [],
        "vpc_endpoint_sagemaker_api_id": "",
        "vpc_endpoint_sagemaker_api_network_interface_ids": [],
        "vpc_endpoint_sagemaker_runtime_dns_entry": [],
        "vpc_endpoint_sagemaker_runtime_id": "",
        "vpc_endpoint_sagemaker_runtime_network_interface_ids": [],
        "vpc_endpoint_secretsmanager_dns_entry": [],
        "vpc_endpoint_secretsmanager_id": "",
        "vpc_endpoint_secretsmanager_network_interface_ids": [],
        "vpc_endpoint_servicecatalog_dns_entry": [],
        "vpc_endpoint_servicecatalog_id": "",
        "vpc_endpoint_servicecatalog_network_interface_ids": [],
        "vpc_endpoint_ses_dns_entry": [],
        "vpc_endpoint_ses_id": "",
        "vpc_endpoint_ses_network_interface_ids": [],
        "vpc_endpoint_sms_dns_entry": [],
        "vpc_endpoint_sms_id": "",
        "vpc_endpoint_sms_network_interface_ids": [],
        "vpc_endpoint_sns_dns_entry": [],
        "vpc_endpoint_sns_id": "",
        "vpc_endpoint_sns_network_interface_ids": [],
        "vpc_endpoint_sqs_dns_entry": [],
        "vpc_endpoint_sqs_id": "",
        "vpc_endpoint_sqs_network_interface_ids": [],
        "vpc_endpoint_ssm_dns_entry": [],
        "vpc_endpoint_ssm_id": "",
        "vpc_endpoint_ssm_network_interface_ids": [],
        "vpc_endpoint_ssmmessages_dns_entry": [],
        "vpc_endpoint_ssmmessages_id": "",
        "vpc_endpoint_ssmmessages_network_interface_ids": [],
        "vpc_endpoint_states_dns_entry": [],
        "vpc_endpoint_states_id": "",
        "vpc_endpoint_states_network_interface_ids": [],
        "vpc_endpoint_storagegateway_dns_entry": [],
        "vpc_endpoint_storagegateway_id": "",
        "vpc_endpoint_storagegateway_network_interface_ids": [],
        "vpc_endpoint_sts_dns_entry": [],
        "vpc_endpoint_sts_id": "",
        "vpc_endpoint_sts_network_interface_ids": [],
        "vpc_endpoint_textract_dns_entry": [],
        "vpc_endpoint_textract_id": "",
        "vpc_endpoint_textract_network_interface_ids": [],
        "vpc_endpoint_transfer_dns_entry": [],
        "vpc_endpoint_transfer_id": "",
        "vpc_endpoint_transfer_network_interface_ids": [],
        "vpc_endpoint_transferserver_dns_entry": [],
        "vpc_endpoint_transferserver_id": "",
        "vpc_endpoint_transferserver_network_interface_ids": [],
        "vpc_endpoint_workspaces_dns_entry": [],
        "vpc_endpoint_workspaces_id": "",
        "vpc_endpoint_workspaces_network_interface_ids": [],
        "vpc_flow_log_cloudwatch_iam_role_arn": "",
        "vpc_flow_log_destination_arn": "",
        "vpc_flow_log_destination_type": "cloud-watch-logs",
        "vpc_flow_log_id": "",
        "vpc_id": "vpc-0eea6ded02cc18b8d",
        "vpc_instance_tenancy": "default",
        "vpc_ipv6_association_id": "",
        "vpc_ipv6_cidr_block": "",
        "vpc_main_route_table_id": "rtb-0931d87f70ade5f44",
        "vpc_owner_id": "968036092797",
        "vpc_secondary_cidr_blocks": []
      },
      "type": [
        "object",
        {
          "azs": [
            "list",
            "string"
          ],
          "cgw_arns": [
            "tuple",
            []
          ],
          "cgw_ids": [
            "tuple",
            []
          ],
          "database_internet_gateway_route_id": "string",
          "database_ipv6_egress_route_id": "string",
          "database_nat_gateway_route_ids": [
            "tuple",
            []
          ],
          "database_network_acl_arn": "string",
          "database_network_acl_id": "string",
          "database_route_table_association_ids": [
            "tuple",
            []
          ],
          "database_route_table_ids": [
            "list",
            "string"
          ],
          "database_subnet_arns": [
            "tuple",
            []
          ],
          "database_subnet_group": "string",
          "database_subnets": [
            "tuple",
            []
          ],
          "database_subnets_cidr_blocks": [
            "tuple",
            []
          ],
          "database_subnets_ipv6_cidr_blocks": [
            "tuple",
            []
          ],
          "default_network_acl_id": "string",
          "default_route_table_id": "string",
          "default_security_group_id": "string",
          "default_vpc_arn": "string",
          "default_vpc_cidr_block": "string",
          "default_vpc_default_network_acl_id": "string",
          "default_vpc_default_route_table_id": "string",
          "default_vpc_default_security_group_id": "string",
          "default_vpc_enable_dns_hostnames": "string",
          "default_vpc_enable_dns_support": "string",
          "default_vpc_id": "string",
          "default_vpc_instance_tenancy": "string",
          "default_vpc_main_route_table_id": "string",
          "egress_only_internet_gateway_id": "string",
          "elasticache_network_acl_arn": "string",
          "elasticache_network_acl_id": "string",
          "elasticache_route_table_association_ids": [
            "tuple",
            []
          ],
          "elasticache_route_table_ids": [
            "list",
            "string"
          ],
          "elasticache_subnet_arns": [
            "tuple",
            []
          ],
          "elasticache_subnet_group": "string",
          "elasticache_subnet_group_name": "string",
          "elasticache_subnets": [
            "tuple",
            []
          ],
          "elasticache_subnets_cidr_blocks": [
            "tuple",
            []
          ],
          "elasticache_subnets_ipv6_cidr_blocks": [
            "tuple",
            []
          ],
          "igw_arn": "string",
          "igw_id": "string",
          "intra_network_acl_arn": "string",
          "intra_network_acl_id": "string",
          "intra_route_table_association_ids": [
            "tuple",
            []
          ],
          "intra_route_table_ids": [
            "tuple",
            []
          ],
          "intra_subnet_arns": [
            "tuple",
            []
          ],
          "intra_subnets": [
            "tuple",
            []
          ],
          "intra_subnets_cidr_blocks": [
            "tuple",
            []
          ],
          "intra_subnets_ipv6_cidr_blocks": [
            "tuple",
            []
          ],
          "name": "string",
          "nat_ids": [
            "tuple",
            [
              "string"
            ]
          ],
          "nat_public_ips": [
            "list",
            "string"
          ],
          "natgw_ids": [
            "tuple",
            [
              "string"
            ]
          ],
          "private_ipv6_egress_route_ids": [
            "tuple",
            []
          ],
          "private_nat_gateway_route_ids": [
            "tuple",
            [
              "string"
            ]
          ],
          "private_network_acl_arn": "string",
          "private_network_acl_id": "string",
          "private_route_table_association_ids": [
            "tuple",
            [
              "string",
              "string",
              "string"
            ]
          ],
          "private_route_table_ids": [
            "tuple",
            [
              "string"
            ]
          ],
          "private_subnet_arns": [
            "tuple",
            [
              "string",
              "string",
              "string"
            ]
          ],
          "private_subnets": [
            "tuple",
            [
              "string",
              "string",
              "string"
            ]
          ],
          "private_subnets_cidr_blocks": [
            "tuple",
            [
              "string",
              "string",
              "string"
            ]
          ],
          "private_subnets_ipv6_cidr_blocks": [
            "tuple",
            [
              "string",
              "string",
              "string"
            ]
          ],
          "public_internet_gateway_ipv6_route_id": "string",
          "public_internet_gateway_route_id": "string",
          "public_network_acl_arn": "string",
          "public_network_acl_id": "string",
          "public_route_table_association_ids": [
            "tuple",
            [
              "string",
              "string",
              "string"
            ]
          ],
          "public_route_table_ids": [
            "tuple",
            [
              "string"
            ]
          ],
          "public_subnet_arns": [
            "tuple",
            [
              "string",
              "string",
              "string"
            ]
          ],
          "public_subnets": [
            "tuple",
            [
              "string",
              "string",
              "string"
            ]
          ],
          "public_subnets_cidr_blocks": [
            "tuple",
            [
              "string",
              "string",
              "string"
            ]
          ],
          "public_subnets_ipv6_cidr_blocks": [
            "tuple",
            [
              "string",
              "string",
              "string"
            ]
          ],
          "redshift_network_acl_arn": "string",
          "redshift_network_acl_id": "string",
          "redshift_public_route_table_association_ids": [
            "tuple",
            []
          ],
          "redshift_route_table_association_ids": [
            "tuple",
            []
          ],
          "redshift_route_table_ids": [
            "list",
            "string"
          ],
          "redshift_subnet_arns": [
            "tuple",
            []
          ],
          "redshift_subnet_group": "string",
          "redshift_subnets": [
            "tuple",
            []
          ],
          "redshift_subnets_cidr_blocks": [
            "tuple",
            []
          ],
          "redshift_subnets_ipv6_cidr_blocks": [
            "tuple",
            []
          ],
          "this_customer_gateway": [
            "object",
            {}
          ],
          "vgw_arn": "string",
          "vgw_id": "string",
          "vpc_arn": "string",
          "vpc_cidr_block": "string",
          "vpc_enable_dns_hostnames": "bool",
          "vpc_enable_dns_support": "bool",
          "vpc_endpoint_access_analyzer_dns_entry": [
            "tuple",
            []
          ],
          "vpc_endpoint_access_analyzer_id": "string",
          "vpc_endpoint_access_analyzer_network_interface_ids": [
            "tuple",
            []
          ],
          "vpc_endpoint_acm_pca_dns_entry": [
            "tuple",
            []
          ],
          "vpc_endpoint_acm_pca_id": "string",
          "vpc_endpoint_acm_pca_network_interface_ids": [
            "tuple",
            []
          ],
          "vpc_endpoint_apigw_dns_entry": [
            "tuple",
            []
          ],
          "vpc_endpoint_apigw_id": "string",
          "vpc_endpoint_apigw_network_interface_ids": [
            "tuple",
            []
          ],
          "vpc_endpoint_appmesh_envoy_management_dns_entry": [
            "tuple",
            []
          ],
          "vpc_endpoint_appmesh_envoy_management_id": "string",
          "vpc_endpoint_appmesh_envoy_management_network_interface_ids": [
            "tuple",
            []
          ],
          "vpc_endpoint_appstream_api_dns_entry": [
            "tuple",
            []
          ],
          "vpc_endpoint_appstream_api_id": "string",
          "vpc_endpoint_appstream_api_network_interface_ids": [
            "tuple",
            []
          ],
          "vpc_endpoint_appstream_streaming_dns_entry": [
            "tuple",
            []
          ],
          "vpc_endpoint_appstream_streaming_id": "string",
          "vpc_endpoint_appstream_streaming_network_interface_ids": [
            "tuple",
            []
          ],
          "vpc_endpoint_athena_dns_entry": [
            "tuple",
            []
          ],
          "vpc_endpoint_athena_id": "string",
          "vpc_endpoint_athena_network_interface_ids": [
            "tuple",
            []
          ],
          "vpc_endpoint_auto_scaling_plans_dns_entry": [
            "tuple",
            []
          ],
          "vpc_endpoint_auto_scaling_plans_id": "string",
          "vpc_endpoint_auto_scaling_plans_network_interface_ids": [
            "tuple",
            []
          ],
          "vpc_endpoint_cloud_directory_dns_entry": [
            "tuple",
            []
          ],
          "vpc_endpoint_cloud_directory_id": "string",
          "vpc_endpoint_cloud_directory_network_interface_ids": [
            "tuple",
            []
          ],
          "vpc_endpoint_cloudformation_dns_entry": [
            "tuple",
            []
          ],
          "vpc_endpoint_cloudformation_id": "string",
          "vpc_endpoint_cloudformation_network_interface_ids": [
            "tuple",
            []
          ],
          "vpc_endpoint_cloudtrail_dns_entry": [
            "tuple",
            []
          ],
          "vpc_endpoint_cloudtrail_id": "string",
          "vpc_endpoint_cloudtrail_network_interface_ids": [
            "tuple",
            []
          ],
          "vpc_endpoint_codeartifact_api_dns_entry": [
            "tuple",
            []
          ],
          "vpc_endpoint_codeartifact_api_id": "string",
          "vpc_endpoint_codeartifact_api_network_interface_ids": [
            "tuple",
            []
          ],
          "vpc_endpoint_codeartifact_repositories_dns_entry": [
            "tuple",
            []
          ],
          "vpc_endpoint_codeartifact_repositories_id": "string",
          "vpc_endpoint_codeartifact_repositories_network_interface_ids": [
            "tuple",
            []
          ],
          "vpc_endpoint_codebuild_dns_entry": [
            "tuple",
            []
          ],
          "vpc_endpoint_codebuild_id": "string",
          "vpc_endpoint_codebuild_network_interface_ids": [
            "tuple",
            []
          ],
          "vpc_endpoint_codecommit_dns_entry": [
            "tuple",
            []
          ],
          "vpc_endpoint_codecommit_id": "string",
          "vpc_endpoint_codecommit_network_interface_ids": [
            "tuple",
            []
          ],
          "vpc_endpoint_codepipeline_dns_entry": [
            "tuple",
            []
          ],
          "vpc_endpoint_codepipeline_id": "string",
          "vpc_endpoint_codepipeline_network_interface_ids": [
            "tuple",
            []
          ],
          "vpc_endpoint_config_dns_entry": [
            "tuple",
            []
          ],
          "vpc_endpoint_config_id": "string",
          "vpc_endpoint_config_network_interface_ids": [
            "tuple",
            []
          ],
          "vpc_endpoint_datasync_dns_entry": [
            "tuple",
            []
          ],
          "vpc_endpoint_datasync_id": "string",
          "vpc_endpoint_datasync_network_interface_ids": [
            "tuple",
            []
          ],
          "vpc_endpoint_dynamodb_id": "string",
          "vpc_endpoint_dynamodb_pl_id": "string",
          "vpc_endpoint_ebs_dns_entry": [
            "tuple",
            []
          ],
          "vpc_endpoint_ebs_id": "string",
          "vpc_endpoint_ebs_network_interface_ids": [
            "tuple",
            []
          ],
          "vpc_endpoint_ec2_autoscaling_dns_entry": [
            "tuple",
            []
          ],
          "vpc_endpoint_ec2_autoscaling_id": "string",
          "vpc_endpoint_ec2_autoscaling_network_interface_ids": [
            "tuple",
            []
          ],
          "vpc_endpoint_ec2_dns_entry": [
            "tuple",
            []
          ],
          "vpc_endpoint_ec2_id": "string",
          "vpc_endpoint_ec2_network_interface_ids": [
            "tuple",
            []
          ],
          "vpc_endpoint_ec2messages_dns_entry": [
            "tuple",
            []
          ],
          "vpc_endpoint_ec2messages_id": "string",
          "vpc_endpoint_ec2messages_network_interface_ids": [
            "tuple",
            []
          ],
          "vpc_endpoint_ecr_api_dns_entry": [
            "tuple",
            []
          ],
          "vpc_endpoint_ecr_api_id": "string",
          "vpc_endpoint_ecr_api_network_interface_ids": [
            "tuple",
            []
          ],
          "vpc_endpoint_ecr_dkr_dns_entry": [
            "tuple",
            []
          ],
          "vpc_endpoint_ecr_dkr_id": "string",
          "vpc_endpoint_ecr_dkr_network_interface_ids": [
            "tuple",
            []
          ],
          "vpc_endpoint_ecs_agent_dns_entry": [
            "tuple",
            []
          ],
          "vpc_endpoint_ecs_agent_id": "string",
          "vpc_endpoint_ecs_agent_network_interface_ids": [
            "tuple",
            []
          ],
          "vpc_endpoint_ecs_dns_entry": [
            "tuple",
            []
          ],
          "vpc_endpoint_ecs_id": "string",
          "vpc_endpoint_ecs_network_interface_ids": [
            "tuple",
            []
          ],
          "vpc_endpoint_ecs_telemetry_dns_entry": [
            "tuple",
            []
          ],
          "vpc_endpoint_ecs_telemetry_id": "string",
          "vpc_endpoint_ecs_telemetry_network_interface_ids": [
            "tuple",
            []
          ],
          "vpc_endpoint_efs_dns_entry": [
            "tuple",
            []
          ],
          "vpc_endpoint_efs_id": "string",
          "vpc_endpoint_efs_network_interface_ids": [
            "tuple",
            []
          ],
          "vpc_endpoint_elastic_inference_runtime_dns_entry": [
            "tuple",
            []
          ],
          "vpc_endpoint_elastic_inference_runtime_id": "string",
          "vpc_endpoint_elastic_inference_runtime_network_interface_ids": [
            "tuple",
            []
          ],
          "vpc_endpoint_elasticbeanstalk_dns_entry": [
            "tuple",
            []
          ],
          "vpc_endpoint_elasticbeanstalk_health_dns_entry": [
            "tuple",
            []
          ],
          "vpc_endpoint_elasticbeanstalk_health_id": "string",
          "vpc_endpoint_elasticbeanstalk_health_network_interface_ids": [
            "tuple",
            []
          ],
          "vpc_endpoint_elasticbeanstalk_id": "string",
          "vpc_endpoint_elasticbeanstalk_network_interface_ids": [
            "tuple",
            []
          ],
          "vpc_endpoint_elasticloadbalancing_dns_entry": [
            "tuple",
            []
          ],
          "vpc_endpoint_elasticloadbalancing_id": "string",
          "vpc_endpoint_elasticloadbalancing_network_interface_ids": [
            "tuple",
            []
          ],
          "vpc_endpoint_elasticmapreduce_dns_entry": [
            "tuple",
            []
          ],
          "vpc_endpoint_elasticmapreduce_id": "string",
          "vpc_endpoint_elasticmapreduce_network_interface_ids": [
            "tuple",
            []
          ],
          "vpc_endpoint_events_dns_entry": [
            "tuple",
            []
          ],
          "vpc_endpoint_events_id": "string",
          "vpc_endpoint_events_network_interface_ids": [
            "tuple",
            []
          ],
          "vpc_endpoint_git_codecommit_dns_entry": [
            "tuple",
            []
          ],
          "vpc_endpoint_git_codecommit_id": "string",
          "vpc_endpoint_git_codecommit_network_interface_ids": [
            "tuple",
            []
          ],
          "vpc_endpoint_glue_dns_entry": [
            "tuple",
            []
          ],
          "vpc_endpoint_glue_id": "string",
          "vpc_endpoint_glue_network_interface_ids": [
            "tuple",
            []
          ],
          "vpc_endpoint_kinesis_firehose_dns_entry": [
            "tuple",
            []
          ],
          "vpc_endpoint_kinesis_firehose_id": "string",
          "vpc_endpoint_kinesis_firehose_network_interface_ids": [
            "tuple",
            []
          ],
          "vpc_endpoint_kinesis_streams_dns_entry": [
            "tuple",
            []
          ],
          "vpc_endpoint_kinesis_streams_id": "string",
          "vpc_endpoint_kinesis_streams_network_interface_ids": [
            "tuple",
            []
          ],
          "vpc_endpoint_kms_dns_entry": [
            "tuple",
            []
          ],
          "vpc_endpoint_kms_id": "string",
          "vpc_endpoint_kms_network_interface_ids": [
            "tuple",
            []
          ],
          "vpc_endpoint_lambda_dns_entry": [
            "tuple",
            []
          ],
          "vpc_endpoint_lambda_id": "string",
          "vpc_endpoint_lambda_network_interface_ids": [
            "tuple",
            []
          ],
          "vpc_endpoint_logs_dns_entry": [
            "tuple",
            []
          ],
          "vpc_endpoint_logs_id": "string",
          "vpc_endpoint_logs_network_interface_ids": [
            "tuple",
            []
          ],
          "vpc_endpoint_monitoring_dns_entry": [
            "tuple",
            []
          ],
          "vpc_endpoint_monitoring_id": "string",
          "vpc_endpoint_monitoring_network_interface_ids": [
            "tuple",
            []
          ],
          "vpc_endpoint_qldb_session_dns_entry": [
            "tuple",
            []
          ],
          "vpc_endpoint_qldb_session_id": "string",
          "vpc_endpoint_qldb_session_network_interface_ids": [
            "tuple",
            []
          ],
          "vpc_endpoint_rekognition_dns_entry": [
            "tuple",
            []
          ],
          "vpc_endpoint_rekognition_id": "string",
          "vpc_endpoint_rekognition_network_interface_ids": [
            "tuple",
            []
          ],
          "vpc_endpoint_s3_id": "string",
          "vpc_endpoint_s3_pl_id": "string",
          "vpc_endpoint_sagemaker_api_dns_entry": [
            "tuple",
            []
          ],
          "vpc_endpoint_sagemaker_api_id": "string",
          "vpc_endpoint_sagemaker_api_network_interface_ids": [
            "tuple",
            []
          ],
          "vpc_endpoint_sagemaker_runtime_dns_entry": [
            "tuple",
            []
          ],
          "vpc_endpoint_sagemaker_runtime_id": "string",
          "vpc_endpoint_sagemaker_runtime_network_interface_ids": [
            "tuple",
            []
          ],
          "vpc_endpoint_secretsmanager_dns_entry": [
            "tuple",
            []
          ],
          "vpc_endpoint_secretsmanager_id": "string",
          "vpc_endpoint_secretsmanager_network_interface_ids": [
            "tuple",
            []
          ],
          "vpc_endpoint_servicecatalog_dns_entry": [
            "tuple",
            []
          ],
          "vpc_endpoint_servicecatalog_id": "string",
          "vpc_endpoint_servicecatalog_network_interface_ids": [
            "tuple",
            []
          ],
          "vpc_endpoint_ses_dns_entry": [
            "tuple",
            []
          ],
          "vpc_endpoint_ses_id": "string",
          "vpc_endpoint_ses_network_interface_ids": [
            "tuple",
            []
          ],
          "vpc_endpoint_sms_dns_entry": [
            "tuple",
            []
          ],
          "vpc_endpoint_sms_id": "string",
          "vpc_endpoint_sms_network_interface_ids": [
            "tuple",
            []
          ],
          "vpc_endpoint_sns_dns_entry": [
            "tuple",
            []
          ],
          "vpc_endpoint_sns_id": "string",
          "vpc_endpoint_sns_network_interface_ids": [
            "tuple",
            []
          ],
          "vpc_endpoint_sqs_dns_entry": [
            "tuple",
            []
          ],
          "vpc_endpoint_sqs_id": "string",
          "vpc_endpoint_sqs_network_interface_ids": [
            "tuple",
            []
          ],
          "vpc_endpoint_ssm_dns_entry": [
            "tuple",
            []
          ],
          "vpc_endpoint_ssm_id": "string",
          "vpc_endpoint_ssm_network_interface_ids": [
            "tuple",
            []
          ],
          "vpc_endpoint_ssmmessages_dns_entry": [
            "tuple",
            []
          ],
          "vpc_endpoint_ssmmessages_id": "string",
          "vpc_endpoint_ssmmessages_network_interface_ids": [
            "tuple",
            []
          ],
          "vpc_endpoint_states_dns_entry": [
            "tuple",
            []
          ],
          "vpc_endpoint_states_id": "string",
          "vpc_endpoint_states_network_interface_ids": [
            "tuple",
            []
          ],
          "vpc_endpoint_storagegateway_dns_entry": [
            "tuple",
            []
          ],
          "vpc_endpoint_storagegateway_id": "string",
          "vpc_endpoint_storagegateway_network_interface_ids": [
            "tuple",
            []
          ],
          "vpc_endpoint_sts_dns_entry": [
            "tuple",
            []
          ],
          "vpc_endpoint_sts_id": "string",
          "vpc_endpoint_sts_network_interface_ids": [
            "tuple",
            []
          ],
          "vpc_endpoint_textract_dns_entry": [
            "tuple",
            []
          ],
          "vpc_endpoint_textract_id": "string",
          "vpc_endpoint_textract_network_interface_ids": [
            "tuple",
            []
          ],
          "vpc_endpoint_transfer_dns_entry": [
            "tuple",
            []
          ],
          "vpc_endpoint_transfer_id": "string",
          "vpc_endpoint_transfer_network_interface_ids": [
            "tuple",
            []
          ],
          "vpc_endpoint_transferserver_dns_entry": [
            "tuple",
            []
          ],
          "vpc_endpoint_transferserver_id": "string",
          "vpc_endpoint_transferserver_network_interface_ids": [
            "tuple",
            []
          ],
          "vpc_endpoint_workspaces_dns_entry": [
            "tuple",
            []
          ],
          "vpc_endpoint_workspaces_id": "string",
          "vpc_endpoint_workspaces_network_interface_ids": [
            "tuple",
            []
          ],
          "vpc_flow_log_cloudwatch_iam_role_arn": "string",
          "vpc_flow_log_destination_arn": "string",
          "vpc_flow_log_destination_type": "string",
          "vpc_flow_log_id": "string",
          "vpc_id": "string",
          "vpc_instance_tenancy": "string",
          "vpc_ipv6_association_id": "string",
          "vpc_ipv6_cidr_block": "string",
          "vpc_main_route_table_id": "string",
          "vpc_owner_id": "string",
          "vpc_secondary_cidr_blocks": [
            "tuple",
            []
          ]
        }
      ]
    }
  },
  "resources": [
    {
      "mode": "data",
      "type": "aws_availability_zones",
      "name": "available",
      "provider": "provider[\"registry.terraform.io/hashicorp/aws\"]",
      "instances": [
        {
          "schema_version": 0,
          "attributes": {
            "all_availability_zones": null,
            "exclude_names": null,
            "exclude_zone_ids": null,
            "filter": null,
            "group_names": [
              "us-east-2"
            ],
            "id": "us-east-2",
            "names": [
              "us-east-2a",
              "us-east-2b",
              "us-east-2c"
            ],
            "state": null,
            "zone_ids": [
              "use2-az1",
              "use2-az2",
              "use2-az3"
            ]
          },
          "sensitive_attributes": []
        }
      ]
    },
    {
      "module": "module.vpc",
      "mode": "managed",
      "type": "aws_eip",
      "name": "nat",
      "provider": "provider[\"registry.terraform.io/hashicorp/aws\"]",
      "instances": [
        {
          "index_key": 0,
          "schema_version": 0,
          "attributes": {
            "allocation_id": null,
            "associate_with_private_ip": null,
            "association_id": "",
            "customer_owned_ip": "",
            "customer_owned_ipv4_pool": "",
            "domain": "vpc",
            "id": "eipalloc-02723c0650ee64be9",
            "instance": "",
            "network_border_group": "us-east-2",
            "network_interface": "",
            "private_dns": null,
            "private_ip": "",
            "public_dns": "ec2-18-217-146-104.us-east-2.compute.amazonaws.com",
            "public_ip": "18.217.146.104",
            "public_ipv4_pool": "amazon",
            "tags": {
              "Name": "training-vpc-us-east-2a",
              "kubernetes.io/cluster/training-vpc-1": "shared"
            },
            "timeouts": null,
            "vpc": true
          },
          "sensitive_attributes": [],
          "private": "eyJlMmJmYjczMC1lY2FhLTExZTYtOGY4OC0zNDM2M2JjN2M0YzAiOnsiZGVsZXRlIjoxODAwMDAwMDAwMDAsInJlYWQiOjkwMDAwMDAwMDAwMCwidXBkYXRlIjozMDAwMDAwMDAwMDB9fQ==",
          "dependencies": [
            "data.aws_availability_zones.available"
          ]
        }
      ]
    },
    {
      "module": "module.vpc",
      "mode": "managed",
      "type": "aws_internet_gateway",
      "name": "this",
      "provider": "provider[\"registry.terraform.io/hashicorp/aws\"]",
      "instances": [
        {
          "index_key": 0,
          "schema_version": 0,
          "attributes": {
            "arn": "arn:aws:ec2:us-east-2:968036092797:internet-gateway/igw-0516d040e4a6f5062",
            "id": "igw-0516d040e4a6f5062",
            "owner_id": "968036092797",
            "tags": {
              "Name": "training-vpc",
              "kubernetes.io/cluster/training-vpc-1": "shared"
            },
            "vpc_id": "vpc-0eea6ded02cc18b8d"
          },
          "sensitive_attributes": [],
          "private": "bnVsbA==",
          "dependencies": [
            "module.vpc.aws_vpc.this",
            "module.vpc.aws_vpc_ipv4_cidr_block_association.this"
          ]
        }
      ]
    },
    {
      "module": "module.vpc",
      "mode": "managed",
      "type": "aws_nat_gateway",
      "name": "this",
      "provider": "provider[\"registry.terraform.io/hashicorp/aws\"]",
      "instances": [
        {
          "index_key": 0,
          "schema_version": 0,
          "attributes": {
            "allocation_id": "eipalloc-02723c0650ee64be9",
            "id": "nat-0bed36293cd2bfe1d",
            "network_interface_id": "eni-00ca2104eb593ee1c",
            "private_ip": "10.0.1.6",
            "public_ip": "18.217.146.104",
            "subnet_id": "subnet-04c9c5381584ffeae",
            "tags": {
              "Name": "training-vpc-us-east-2a",
              "kubernetes.io/cluster/training-vpc-1": "shared"
            }
          },
          "sensitive_attributes": [],
          "private": "bnVsbA==",
          "dependencies": [
            "data.aws_availability_zones.available",
            "module.vpc.aws_eip.nat",
            "module.vpc.aws_internet_gateway.this",
            "module.vpc.aws_subnet.public",
            "module.vpc.aws_vpc.this",
            "module.vpc.aws_vpc_ipv4_cidr_block_association.this"
          ]
        }
      ]
    },
    {
      "module": "module.vpc",
      "mode": "managed",
      "type": "aws_route",
      "name": "private_nat_gateway",
      "provider": "provider[\"registry.terraform.io/hashicorp/aws\"]",
      "instances": [
        {
          "index_key": 0,
          "schema_version": 0,
          "attributes": {
            "destination_cidr_block": "0.0.0.0/0",
            "destination_ipv6_cidr_block": "",
            "destination_prefix_list_id": "",
            "egress_only_gateway_id": "",
            "gateway_id": "",
            "id": "r-rtb-062ea58400e0156751080289494",
            "instance_id": "",
            "instance_owner_id": "",
            "local_gateway_id": "",
            "nat_gateway_id": "nat-0bed36293cd2bfe1d",
            "network_interface_id": "",
            "origin": "CreateRoute",
            "route_table_id": "rtb-062ea58400e015675",
            "state": "active",
            "timeouts": {
              "create": "5m",
              "delete": null
            },
            "transit_gateway_id": "",
            "vpc_endpoint_id": null,
            "vpc_peering_connection_id": ""
          },
          "sensitive_attributes": [],
          "private": "eyJlMmJmYjczMC1lY2FhLTExZTYtOGY4OC0zNDM2M2JjN2M0YzAiOnsiY3JlYXRlIjozMDAwMDAwMDAwMDAsImRlbGV0ZSI6MzAwMDAwMDAwMDAwfX0=",
          "dependencies": [
            "data.aws_availability_zones.available",
            "module.vpc.aws_eip.nat",
            "module.vpc.aws_internet_gateway.this",
            "module.vpc.aws_nat_gateway.this",
            "module.vpc.aws_route_table.private",
            "module.vpc.aws_subnet.public",
            "module.vpc.aws_vpc.this",
            "module.vpc.aws_vpc_ipv4_cidr_block_association.this"
          ]
        }
      ]
    },
    {
      "module": "module.vpc",
      "mode": "managed",
      "type": "aws_route",
      "name": "public_internet_gateway",
      "provider": "provider[\"registry.terraform.io/hashicorp/aws\"]",
      "instances": [
        {
          "index_key": 0,
          "schema_version": 0,
          "attributes": {
            "destination_cidr_block": "0.0.0.0/0",
            "destination_ipv6_cidr_block": "",
            "destination_prefix_list_id": "",
            "egress_only_gateway_id": "",
            "gateway_id": "igw-0516d040e4a6f5062",
            "id": "r-rtb-00c2b4e4ee0cfcfa51080289494",
            "instance_id": "",
            "instance_owner_id": "",
            "local_gateway_id": "",
            "nat_gateway_id": "",
            "network_interface_id": "",
            "origin": "CreateRoute",
            "route_table_id": "rtb-00c2b4e4ee0cfcfa5",
            "state": "active",
            "timeouts": {
              "create": "5m",
              "delete": null
            },
            "transit_gateway_id": "",
            "vpc_endpoint_id": null,
            "vpc_peering_connection_id": ""
          },
          "sensitive_attributes": [],
          "private": "eyJlMmJmYjczMC1lY2FhLTExZTYtOGY4OC0zNDM2M2JjN2M0YzAiOnsiY3JlYXRlIjozMDAwMDAwMDAwMDAsImRlbGV0ZSI6MzAwMDAwMDAwMDAwfX0=",
          "dependencies": [
            "module.vpc.aws_internet_gateway.this",
            "module.vpc.aws_route_table.public",
            "module.vpc.aws_vpc.this",
            "module.vpc.aws_vpc_ipv4_cidr_block_association.this"
          ]
        }
      ]
    },
    {
      "module": "module.vpc",
      "mode": "managed",
      "type": "aws_route_table",
      "name": "private",
      "provider": "provider[\"registry.terraform.io/hashicorp/aws\"]",
      "instances": [
        {
          "index_key": 0,
          "schema_version": 0,
          "attributes": {
            "id": "rtb-062ea58400e015675",
            "owner_id": "968036092797",
            "propagating_vgws": [],
            "route": [],
            "tags": {
              "Name": "training-vpc-private",
              "kubernetes.io/cluster/training-vpc-1": "shared"
            },
            "vpc_id": "vpc-0eea6ded02cc18b8d"
          },
          "sensitive_attributes": [],
          "private": "bnVsbA==",
          "dependencies": [
            "data.aws_availability_zones.available",
            "module.vpc.aws_vpc.this",
            "module.vpc.aws_vpc_ipv4_cidr_block_association.this"
          ]
        }
      ]
    },
    {
      "module": "module.vpc",
      "mode": "managed",
      "type": "aws_route_table",
      "name": "public",
      "provider": "provider[\"registry.terraform.io/hashicorp/aws\"]",
      "instances": [
        {
          "index_key": 0,
          "schema_version": 0,
          "attributes": {
            "id": "rtb-00c2b4e4ee0cfcfa5",
            "owner_id": "968036092797",
            "propagating_vgws": [],
            "route": [],
            "tags": {
              "Name": "training-vpc-public",
              "kubernetes.io/cluster/training-vpc-1": "shared"
            },
            "vpc_id": "vpc-0eea6ded02cc18b8d"
          },
          "sensitive_attributes": [],
          "private": "bnVsbA==",
          "dependencies": [
            "module.vpc.aws_vpc.this",
            "module.vpc.aws_vpc_ipv4_cidr_block_association.this"
          ]
        }
      ]
    },
    {
      "module": "module.vpc",
      "mode": "managed",
      "type": "aws_route_table_association",
      "name": "private",
      "provider": "provider[\"registry.terraform.io/hashicorp/aws\"]",
      "instances": [
        {
          "index_key": 0,
          "schema_version": 0,
          "attributes": {
            "gateway_id": null,
            "id": "rtbassoc-077841f0d0642dfc9",
            "route_table_id": "rtb-062ea58400e015675",
            "subnet_id": "subnet-098b4ff86fffbffc9"
          },
          "sensitive_attributes": [],
          "private": "bnVsbA==",
          "dependencies": [
            "data.aws_availability_zones.available",
            "module.vpc.aws_route_table.private",
            "module.vpc.aws_subnet.private",
            "module.vpc.aws_vpc.this",
            "module.vpc.aws_vpc_ipv4_cidr_block_association.this"
          ]
        },
        {
          "index_key": 1,
          "schema_version": 0,
          "attributes": {
            "gateway_id": null,
            "id": "rtbassoc-064b8b5a1f9aa04b2",
            "route_table_id": "rtb-062ea58400e015675",
            "subnet_id": "subnet-02be000bc8bb8f115"
          },
          "sensitive_attributes": [],
          "private": "bnVsbA==",
          "dependencies": [
            "data.aws_availability_zones.available",
            "module.vpc.aws_route_table.private",
            "module.vpc.aws_subnet.private",
            "module.vpc.aws_vpc.this",
            "module.vpc.aws_vpc_ipv4_cidr_block_association.this"
          ]
        },
        {
          "index_key": 2,
          "schema_version": 0,
          "attributes": {
            "gateway_id": null,
            "id": "rtbassoc-049d5144fc50bceea",
            "route_table_id": "rtb-062ea58400e015675",
            "subnet_id": "subnet-0c5ce95aad4ea8e0c"
          },
          "sensitive_attributes": [],
          "private": "bnVsbA==",
          "dependencies": [
            "data.aws_availability_zones.available",
            "module.vpc.aws_route_table.private",
            "module.vpc.aws_subnet.private",
            "module.vpc.aws_vpc.this",
            "module.vpc.aws_vpc_ipv4_cidr_block_association.this"
          ]
        }
      ]
    },
    {
      "module": "module.vpc",
      "mode": "managed",
      "type": "aws_route_table_association",
      "name": "public",
      "provider": "provider[\"registry.terraform.io/hashicorp/aws\"]",
      "instances": [
        {
          "index_key": 0,
          "schema_version": 0,
          "attributes": {
            "gateway_id": null,
            "id": "rtbassoc-0913f354680d8b90b",
            "route_table_id": "rtb-00c2b4e4ee0cfcfa5",
            "subnet_id": "subnet-04c9c5381584ffeae"
          },
          "sensitive_attributes": [],
          "private": "bnVsbA==",
          "dependencies": [
            "data.aws_availability_zones.available",
            "module.vpc.aws_route_table.public",
            "module.vpc.aws_subnet.public",
            "module.vpc.aws_vpc.this",
            "module.vpc.aws_vpc_ipv4_cidr_block_association.this"
          ]
        },
        {
          "index_key": 1,
          "schema_version": 0,
          "attributes": {
            "gateway_id": null,
            "id": "rtbassoc-00df0e79d6db149e8",
            "route_table_id": "rtb-00c2b4e4ee0cfcfa5",
            "subnet_id": "subnet-04d8315801ba4470f"
          },
          "sensitive_attributes": [],
          "private": "bnVsbA==",
          "dependencies": [
            "data.aws_availability_zones.available",
            "module.vpc.aws_route_table.public",
            "module.vpc.aws_subnet.public",
            "module.vpc.aws_vpc.this",
            "module.vpc.aws_vpc_ipv4_cidr_block_association.this"
          ]
        },
        {
          "index_key": 2,
          "schema_version": 0,
          "attributes": {
            "gateway_id": null,
            "id": "rtbassoc-0c8b78563214f1887",
            "route_table_id": "rtb-00c2b4e4ee0cfcfa5",
            "subnet_id": "subnet-08cc876848ade1fc1"
          },
          "sensitive_attributes": [],
          "private": "bnVsbA==",
          "dependencies": [
            "data.aws_availability_zones.available",
            "module.vpc.aws_route_table.public",
            "module.vpc.aws_subnet.public",
            "module.vpc.aws_vpc.this",
            "module.vpc.aws_vpc_ipv4_cidr_block_association.this"
          ]
        }
      ]
    },
    {
      "module": "module.vpc",
      "mode": "managed",
      "type": "aws_subnet",
      "name": "private",
      "provider": "provider[\"registry.terraform.io/hashicorp/aws\"]",
      "instances": [
        {
          "index_key": 0,
          "schema_version": 1,
          "attributes": {
            "arn": "arn:aws:ec2:us-east-2:968036092797:subnet/subnet-098b4ff86fffbffc9",
            "assign_ipv6_address_on_creation": false,
            "availability_zone": "us-east-2a",
            "availability_zone_id": "use2-az1",
            "cidr_block": "10.0.4.0/24",
            "id": "subnet-098b4ff86fffbffc9",
            "ipv6_cidr_block": "",
            "ipv6_cidr_block_association_id": "",
            "map_public_ip_on_launch": false,
            "outpost_arn": "",
            "owner_id": "968036092797",
            "tags": {
              "Name": "training-vpc-private-us-east-2a",
              "kubernetes.io/cluster/training-vpc-1": "shared",
              "kubernetes.io/role/internal-elb": "1"
            },
            "timeouts": null,
            "vpc_id": "vpc-0eea6ded02cc18b8d"
          },
          "sensitive_attributes": [],
          "private": "eyJlMmJmYjczMC1lY2FhLTExZTYtOGY4OC0zNDM2M2JjN2M0YzAiOnsiY3JlYXRlIjo2MDAwMDAwMDAwMDAsImRlbGV0ZSI6MTIwMDAwMDAwMDAwMH0sInNjaGVtYV92ZXJzaW9uIjoiMSJ9",
          "dependencies": [
            "data.aws_availability_zones.available",
            "module.vpc.aws_vpc.this",
            "module.vpc.aws_vpc_ipv4_cidr_block_association.this"
          ]
        },
        {
          "index_key": 1,
          "schema_version": 1,
          "attributes": {
            "arn": "arn:aws:ec2:us-east-2:968036092797:subnet/subnet-02be000bc8bb8f115",
            "assign_ipv6_address_on_creation": false,
            "availability_zone": "us-east-2b",
            "availability_zone_id": "use2-az2",
            "cidr_block": "10.0.5.0/24",
            "id": "subnet-02be000bc8bb8f115",
            "ipv6_cidr_block": "",
            "ipv6_cidr_block_association_id": "",
            "map_public_ip_on_launch": false,
            "outpost_arn": "",
            "owner_id": "968036092797",
            "tags": {
              "Name": "training-vpc-private-us-east-2b",
              "kubernetes.io/cluster/training-vpc-1": "shared",
              "kubernetes.io/role/internal-elb": "1"
            },
            "timeouts": null,
            "vpc_id": "vpc-0eea6ded02cc18b8d"
          },
          "sensitive_attributes": [],
          "private": "eyJlMmJmYjczMC1lY2FhLTExZTYtOGY4OC0zNDM2M2JjN2M0YzAiOnsiY3JlYXRlIjo2MDAwMDAwMDAwMDAsImRlbGV0ZSI6MTIwMDAwMDAwMDAwMH0sInNjaGVtYV92ZXJzaW9uIjoiMSJ9",
          "dependencies": [
            "data.aws_availability_zones.available",
            "module.vpc.aws_vpc.this",
            "module.vpc.aws_vpc_ipv4_cidr_block_association.this"
          ]
        },
        {
          "index_key": 2,
          "schema_version": 1,
          "attributes": {
            "arn": "arn:aws:ec2:us-east-2:968036092797:subnet/subnet-0c5ce95aad4ea8e0c",
            "assign_ipv6_address_on_creation": false,
            "availability_zone": "us-east-2c",
            "availability_zone_id": "use2-az3",
            "cidr_block": "10.0.6.0/24",
            "id": "subnet-0c5ce95aad4ea8e0c",
            "ipv6_cidr_block": "",
            "ipv6_cidr_block_association_id": "",
            "map_public_ip_on_launch": false,
            "outpost_arn": "",
            "owner_id": "968036092797",
            "tags": {
              "Name": "training-vpc-private-us-east-2c",
              "kubernetes.io/cluster/training-vpc-1": "shared",
              "kubernetes.io/role/internal-elb": "1"
            },
            "timeouts": null,
            "vpc_id": "vpc-0eea6ded02cc18b8d"
          },
          "sensitive_attributes": [],
          "private": "eyJlMmJmYjczMC1lY2FhLTExZTYtOGY4OC0zNDM2M2JjN2M0YzAiOnsiY3JlYXRlIjo2MDAwMDAwMDAwMDAsImRlbGV0ZSI6MTIwMDAwMDAwMDAwMH0sInNjaGVtYV92ZXJzaW9uIjoiMSJ9",
          "dependencies": [
            "data.aws_availability_zones.available",
            "module.vpc.aws_vpc.this",
            "module.vpc.aws_vpc_ipv4_cidr_block_association.this"
          ]
        }
      ]
    },
    {
      "module": "module.vpc",
      "mode": "managed",
      "type": "aws_subnet",
      "name": "public",
      "provider": "provider[\"registry.terraform.io/hashicorp/aws\"]",
      "instances": [
        {
          "index_key": 0,
          "schema_version": 1,
          "attributes": {
            "arn": "arn:aws:ec2:us-east-2:968036092797:subnet/subnet-04c9c5381584ffeae",
            "assign_ipv6_address_on_creation": false,
            "availability_zone": "us-east-2a",
            "availability_zone_id": "use2-az1",
            "cidr_block": "10.0.1.0/24",
            "id": "subnet-04c9c5381584ffeae",
            "ipv6_cidr_block": "",
            "ipv6_cidr_block_association_id": "",
            "map_public_ip_on_launch": true,
            "outpost_arn": "",
            "owner_id": "968036092797",
            "tags": {
              "Name": "training-vpc-public-us-east-2a",
              "kubernetes.io/cluster/training-vpc-1": "shared",
              "kubernetes.io/role/elb": "1"
            },
            "timeouts": null,
            "vpc_id": "vpc-0eea6ded02cc18b8d"
          },
          "sensitive_attributes": [],
          "private": "eyJlMmJmYjczMC1lY2FhLTExZTYtOGY4OC0zNDM2M2JjN2M0YzAiOnsiY3JlYXRlIjo2MDAwMDAwMDAwMDAsImRlbGV0ZSI6MTIwMDAwMDAwMDAwMH0sInNjaGVtYV92ZXJzaW9uIjoiMSJ9",
          "dependencies": [
            "data.aws_availability_zones.available",
            "module.vpc.aws_vpc.this",
            "module.vpc.aws_vpc_ipv4_cidr_block_association.this"
          ]
        },
        {
          "index_key": 1,
          "schema_version": 1,
          "attributes": {
            "arn": "arn:aws:ec2:us-east-2:968036092797:subnet/subnet-04d8315801ba4470f",
            "assign_ipv6_address_on_creation": false,
            "availability_zone": "us-east-2b",
            "availability_zone_id": "use2-az2",
            "cidr_block": "10.0.2.0/24",
            "id": "subnet-04d8315801ba4470f",
            "ipv6_cidr_block": "",
            "ipv6_cidr_block_association_id": "",
            "map_public_ip_on_launch": true,
            "outpost_arn": "",
            "owner_id": "968036092797",
            "tags": {
              "Name": "training-vpc-public-us-east-2b",
              "kubernetes.io/cluster/training-vpc-1": "shared",
              "kubernetes.io/role/elb": "1"
            },
            "timeouts": null,
            "vpc_id": "vpc-0eea6ded02cc18b8d"
          },
          "sensitive_attributes": [],
          "private": "eyJlMmJmYjczMC1lY2FhLTExZTYtOGY4OC0zNDM2M2JjN2M0YzAiOnsiY3JlYXRlIjo2MDAwMDAwMDAwMDAsImRlbGV0ZSI6MTIwMDAwMDAwMDAwMH0sInNjaGVtYV92ZXJzaW9uIjoiMSJ9",
          "dependencies": [
            "data.aws_availability_zones.available",
            "module.vpc.aws_vpc.this",
            "module.vpc.aws_vpc_ipv4_cidr_block_association.this"
          ]
        },
        {
          "index_key": 2,
          "schema_version": 1,
          "attributes": {
            "arn": "arn:aws:ec2:us-east-2:968036092797:subnet/subnet-08cc876848ade1fc1",
            "assign_ipv6_address_on_creation": false,
            "availability_zone": "us-east-2c",
            "availability_zone_id": "use2-az3",
            "cidr_block": "10.0.3.0/24",
            "id": "subnet-08cc876848ade1fc1",
            "ipv6_cidr_block": "",
            "ipv6_cidr_block_association_id": "",
            "map_public_ip_on_launch": true,
            "outpost_arn": "",
            "owner_id": "968036092797",
            "tags": {
              "Name": "training-vpc-public-us-east-2c",
              "kubernetes.io/cluster/training-vpc-1": "shared",
              "kubernetes.io/role/elb": "1"
            },
            "timeouts": null,
            "vpc_id": "vpc-0eea6ded02cc18b8d"
          },
          "sensitive_attributes": [],
          "private": "eyJlMmJmYjczMC1lY2FhLTExZTYtOGY4OC0zNDM2M2JjN2M0YzAiOnsiY3JlYXRlIjo2MDAwMDAwMDAwMDAsImRlbGV0ZSI6MTIwMDAwMDAwMDAwMH0sInNjaGVtYV92ZXJzaW9uIjoiMSJ9",
          "dependencies": [
            "data.aws_availability_zones.available",
            "module.vpc.aws_vpc.this",
            "module.vpc.aws_vpc_ipv4_cidr_block_association.this"
          ]
        }
      ]
    },
    {
      "module": "module.vpc",
      "mode": "managed",
      "type": "aws_vpc",
      "name": "this",
      "provider": "provider[\"registry.terraform.io/hashicorp/aws\"]",
      "instances": [
        {
          "index_key": 0,
          "schema_version": 1,
          "attributes": {
            "arn": "arn:aws:ec2:us-east-2:968036092797:vpc/vpc-0eea6ded02cc18b8d",
            "assign_generated_ipv6_cidr_block": false,
            "cidr_block": "10.0.0.0/16",
            "default_network_acl_id": "acl-0b48dfbc396f7b8a7",
            "default_route_table_id": "rtb-0931d87f70ade5f44",
            "default_security_group_id": "sg-00d392fd3f531dcb6",
            "dhcp_options_id": "dopt-46b3252d",
            "enable_classiclink": null,
            "enable_classiclink_dns_support": null,
            "enable_dns_hostnames": true,
            "enable_dns_support": true,
            "id": "vpc-0eea6ded02cc18b8d",
            "instance_tenancy": "default",
            "ipv6_association_id": "",
            "ipv6_cidr_block": "",
            "main_route_table_id": "rtb-0931d87f70ade5f44",
            "owner_id": "968036092797",
            "tags": {
              "Name": "training-vpc",
              "kubernetes.io/cluster/training-vpc-1": "shared"
            }
          },
          "sensitive_attributes": [],
          "private": "eyJzY2hlbWFfdmVyc2lvbiI6IjEifQ=="
        }
      ]
    }
  ]
}
